// !$*UTF8*$!
{
	archiveVersion = 1;
	classes = {
	};
	objectVersion = 56;
	objects = {

/* Begin PBXBuildFile section */
		470C7B3E2CF4569300C46690 /* RemoteConfigManager.swift in Sources */ = {isa = PBXBuildFile; fileRef = 470C7B3D2CF4569300C46690 /* RemoteConfigManager.swift */; };
		470C7B402CF456E500C46690 /* FirebaseRemoteConfig in Frameworks */ = {isa = PBXBuildFile; productRef = 470C7B3F2CF456E500C46690 /* FirebaseRemoteConfig */; };
		471940C82CAFCB1B00426D30 /* SizeCheckModifier.swift in Sources */ = {isa = PBXBuildFile; fileRef = 471940C72CAFCB1B00426D30 /* SizeCheckModifier.swift */; };
		471940D12CAFE61A00426D30 /* LineHeight.swift in Sources */ = {isa = PBXBuildFile; fileRef = 471940D02CAFE61A00426D30 /* LineHeight.swift */; };
		471940D32CAFEE5B00426D30 /* Font+Uikit.swift in Sources */ = {isa = PBXBuildFile; fileRef = 471940D22CAFEE5B00426D30 /* Font+Uikit.swift */; };
		472319ED2CD1FC32009BA019 /* UIApplication+.swift in Sources */ = {isa = PBXBuildFile; fileRef = 472319EC2CD1FC32009BA019 /* UIApplication+.swift */; };
		473671A52CB13D8100527896 /* SafeArea.swift in Sources */ = {isa = PBXBuildFile; fileRef = 473671A42CB13D8100527896 /* SafeArea.swift */; };
		473671A72CB1404E00527896 /* Ratio.swift in Sources */ = {isa = PBXBuildFile; fileRef = 473671A62CB1404E00527896 /* Ratio.swift */; };
		473E8EB22CCE5267000F102C /* SystemOverlay.swift in Sources */ = {isa = PBXBuildFile; fileRef = 473E8EB12CCE5267000F102C /* SystemOverlay.swift */; };
		473E8EB42CCE6827000F102C /* TimeInterval+.swift in Sources */ = {isa = PBXBuildFile; fileRef = 473E8EB32CCE6827000F102C /* TimeInterval+.swift */; };
		473E8EB62CCE6A02000F102C /* Date+.swift in Sources */ = {isa = PBXBuildFile; fileRef = 473E8EB52CCE6A02000F102C /* Date+.swift */; };
		473E8EBC2CCEBEF3000F102C /* ModalView.swift in Sources */ = {isa = PBXBuildFile; fileRef = 473E8EBB2CCEBEF3000F102C /* ModalView.swift */; };
		474B29402D27BE4D00DB410D /* MainTabFeature.swift in Sources */ = {isa = PBXBuildFile; fileRef = 474B293F2D27BE4D00DB410D /* MainTabFeature.swift */; };
		474B29422D27BFA600DB410D /* MainTabView.swift in Sources */ = {isa = PBXBuildFile; fileRef = 474B29412D27BFA600DB410D /* MainTabView.swift */; };
		474B29442D27C0DD00DB410D /* AppFeature.swift in Sources */ = {isa = PBXBuildFile; fileRef = 474B29432D27C0DD00DB410D /* AppFeature.swift */; };
		474B294A2D27CBD300DB410D /* RankingView.swift in Sources */ = {isa = PBXBuildFile; fileRef = 474B29492D27CBD300DB410D /* RankingView.swift */; };
		474B294D2D27CBE100DB410D /* SettingView.swift in Sources */ = {isa = PBXBuildFile; fileRef = 474B294C2D27CBE100DB410D /* SettingView.swift */; };
		474D76522D290DDE00AF8CA2 /* WeeklyStudy.swift in Sources */ = {isa = PBXBuildFile; fileRef = 474D76512D290DDE00AF8CA2 /* WeeklyStudy.swift */; };
		474D76552D290E6B00AF8CA2 /* WeeklyStudyFeature.swift in Sources */ = {isa = PBXBuildFile; fileRef = 474D76542D290E6B00AF8CA2 /* WeeklyStudyFeature.swift */; };
		474D76582D2913C000AF8CA2 /* Quote.swift in Sources */ = {isa = PBXBuildFile; fileRef = 474D76572D2913C000AF8CA2 /* Quote.swift */; };
		474D765B2D291B0A00AF8CA2 /* TimerView.swift in Sources */ = {isa = PBXBuildFile; fileRef = 474D765A2D291B0A00AF8CA2 /* TimerView.swift */; };
		474D765D2D291CC300AF8CA2 /* StudyPeriod.swift in Sources */ = {isa = PBXBuildFile; fileRef = 474D765C2D291CC300AF8CA2 /* StudyPeriod.swift */; };
		47581ED02CF01EB200A2EA31 /* AmplitudeSwift in Frameworks */ = {isa = PBXBuildFile; productRef = 47581ECF2CF01EB200A2EA31 /* AmplitudeSwift */; };
		476120AB2D2827CF005EC300 /* SettingFeature.swift in Sources */ = {isa = PBXBuildFile; fileRef = 476120AA2D2827CF005EC300 /* SettingFeature.swift */; };
		476120B22D282B17005EC300 /* LoginFeature.swift in Sources */ = {isa = PBXBuildFile; fileRef = 476120B12D282B17005EC300 /* LoginFeature.swift */; };
		476120B42D282B21005EC300 /* LoginView.swift in Sources */ = {isa = PBXBuildFile; fileRef = 476120B32D282B21005EC300 /* LoginView.swift */; };
		476F43582D1850F6003DBFA9 /* SwiftUIView.swift in Sources */ = {isa = PBXBuildFile; fileRef = 476F43572D1850F6003DBFA9 /* SwiftUIView.swift */; };
		476F435B2D185331003DBFA9 /* ComposableArchitecture in Frameworks */ = {isa = PBXBuildFile; productRef = 476F435A2D185331003DBFA9 /* ComposableArchitecture */; };
		4780044E2CCAAE3200FFAF00 /* String+.swift in Sources */ = {isa = PBXBuildFile; fileRef = 4780044D2CCAAE3200FFAF00 /* String+.swift */; };
		4789337B2CADC43D00E1D89E /* DropDownPicker.swift in Sources */ = {isa = PBXBuildFile; fileRef = 4789337A2CADC43D00E1D89E /* DropDownPicker.swift */; };
		478B75462CE659C3000190EF /* BaseTextField.swift in Sources */ = {isa = PBXBuildFile; fileRef = 478B75452CE659C3000190EF /* BaseTextField.swift */; };
		478F84372CD30A8F0097CAA1 /* IOSBackground.swift in Sources */ = {isa = PBXBuildFile; fileRef = 478F84362CD30A8F0097CAA1 /* IOSBackground.swift */; };
		479821D42CA24CFF002357EB /* .swiftlint.yml in Resources */ = {isa = PBXBuildFile; fileRef = 479821D32CA24CFF002357EB /* .swiftlint.yml */; };
		47A147632CA147A600A91F66 /* Pretendard-Black.otf in Resources */ = {isa = PBXBuildFile; fileRef = 47A147512CA147A600A91F66 /* Pretendard-Black.otf */; };
		47A147642CA147A600A91F66 /* Pretendard-Bold.otf in Resources */ = {isa = PBXBuildFile; fileRef = 47A147522CA147A600A91F66 /* Pretendard-Bold.otf */; };
		47A147652CA147A600A91F66 /* Pretendard-ExtraBold.otf in Resources */ = {isa = PBXBuildFile; fileRef = 47A147532CA147A600A91F66 /* Pretendard-ExtraBold.otf */; };
		47A147662CA147A600A91F66 /* Pretendard-ExtraLight.otf in Resources */ = {isa = PBXBuildFile; fileRef = 47A147542CA147A600A91F66 /* Pretendard-ExtraLight.otf */; };
		47A147672CA147A600A91F66 /* Pretendard-Light.otf in Resources */ = {isa = PBXBuildFile; fileRef = 47A147552CA147A600A91F66 /* Pretendard-Light.otf */; };
		47A147682CA147A600A91F66 /* Pretendard-Medium.otf in Resources */ = {isa = PBXBuildFile; fileRef = 47A147562CA147A600A91F66 /* Pretendard-Medium.otf */; };
		47A147692CA147A600A91F66 /* Pretendard-Regular.otf in Resources */ = {isa = PBXBuildFile; fileRef = 47A147572CA147A600A91F66 /* Pretendard-Regular.otf */; };
		47A1476A2CA147A600A91F66 /* Pretendard-SemiBold.otf in Resources */ = {isa = PBXBuildFile; fileRef = 47A147582CA147A600A91F66 /* Pretendard-SemiBold.otf */; };
		47A1476B2CA147A600A91F66 /* Pretendard-Thin.otf in Resources */ = {isa = PBXBuildFile; fileRef = 47A147592CA147A600A91F66 /* Pretendard-Thin.otf */; };
		47A1476C2CA147A600A91F66 /* SUITE-Bold.otf in Resources */ = {isa = PBXBuildFile; fileRef = 47A1475A2CA147A600A91F66 /* SUITE-Bold.otf */; };
		47A1476D2CA147A600A91F66 /* SUITE-ExtraBold.otf in Resources */ = {isa = PBXBuildFile; fileRef = 47A1475B2CA147A600A91F66 /* SUITE-ExtraBold.otf */; };
		47A1476E2CA147A600A91F66 /* SUITE-Heavy.otf in Resources */ = {isa = PBXBuildFile; fileRef = 47A1475C2CA147A600A91F66 /* SUITE-Heavy.otf */; };
		47A1476F2CA147A600A91F66 /* SUITE-Light.otf in Resources */ = {isa = PBXBuildFile; fileRef = 47A1475D2CA147A600A91F66 /* SUITE-Light.otf */; };
		47A147702CA147A600A91F66 /* SUITE-Medium.otf in Resources */ = {isa = PBXBuildFile; fileRef = 47A1475E2CA147A600A91F66 /* SUITE-Medium.otf */; };
		47A147712CA147A600A91F66 /* SUITE-Regular.otf in Resources */ = {isa = PBXBuildFile; fileRef = 47A1475F2CA147A600A91F66 /* SUITE-Regular.otf */; };
		47A147722CA147A600A91F66 /* SUITE-SemiBold.otf in Resources */ = {isa = PBXBuildFile; fileRef = 47A147602CA147A600A91F66 /* SUITE-SemiBold.otf */; };
		47A7EE722D277A8E002DC198 /* GoogleService-Info.plist in Resources */ = {isa = PBXBuildFile; fileRef = 47A7EE712D277A8E002DC198 /* GoogleService-Info.plist */; };
		47A7EE762D277ACE002DC198 /* Secrets-dev.xcconfig in Resources */ = {isa = PBXBuildFile; fileRef = 47A7EE752D277ACE002DC198 /* Secrets-dev.xcconfig */; };
		47A7EE782D277AD6002DC198 /* Secrets-prod.xcconfig in Resources */ = {isa = PBXBuildFile; fileRef = 47A7EE772D277AD6002DC198 /* Secrets-prod.xcconfig */; };
		47B1D4AC2C9CB1740071B62B /* HongikYeolgong2App.swift in Sources */ = {isa = PBXBuildFile; fileRef = 47B1D4AB2C9CB1740071B62B /* HongikYeolgong2App.swift */; };
		47B1D4B02C9CB1760071B62B /* Assets.xcassets in Resources */ = {isa = PBXBuildFile; fileRef = 47B1D4AF2C9CB1760071B62B /* Assets.xcassets */; };
		47B1D4B32C9CB1760071B62B /* Preview Assets.xcassets in Resources */ = {isa = PBXBuildFile; fileRef = 47B1D4B22C9CB1760071B62B /* Preview Assets.xcassets */; };
		47B1D4BD2C9CB1760071B62B /* HongikYeolgong2Tests.swift in Sources */ = {isa = PBXBuildFile; fileRef = 47B1D4BC2C9CB1760071B62B /* HongikYeolgong2Tests.swift */; };
		47B1D4C72C9CB1760071B62B /* HongikYeolgong2UITests.swift in Sources */ = {isa = PBXBuildFile; fileRef = 47B1D4C62C9CB1760071B62B /* HongikYeolgong2UITests.swift */; };
		47B1D4C92C9CB1760071B62B /* HongikYeolgong2UITestsLaunchTests.swift in Sources */ = {isa = PBXBuildFile; fileRef = 47B1D4C82C9CB1760071B62B /* HongikYeolgong2UITestsLaunchTests.swift */; };
		47BACCF72CA164BA00295DAC /* Font+.swift in Sources */ = {isa = PBXBuildFile; fileRef = 47BACCF62CA164BA00295DAC /* Font+.swift */; };
		47BE30E32CC813BB0015D973 /* KeyChainManager.swift in Sources */ = {isa = PBXBuildFile; fileRef = 47BE30E22CC813BB0015D973 /* KeyChainManager.swift */; };
		47D5EDCD2CCBCB6D00ACA469 /* ImageBackground.swift in Sources */ = {isa = PBXBuildFile; fileRef = 47D5EDCC2CCBCB6D00ACA469 /* ImageBackground.swift */; };
		47D5EDCF2CCBD10300ACA469 /* BaseButton.swift in Sources */ = {isa = PBXBuildFile; fileRef = 47D5EDCE2CCBD10300ACA469 /* BaseButton.swift */; };
		47DF041F2CBE7A29007E58A7 /* Encodable+.swift in Sources */ = {isa = PBXBuildFile; fileRef = 47DF041E2CBE7A29007E58A7 /* Encodable+.swift */; };
		47F23A532D353F9800F424B8 /* Alamofire in Frameworks */ = {isa = PBXBuildFile; productRef = 47F23A522D353F9800F424B8 /* Alamofire */; };
		47F23A582D35407D00F424B8 /* APIManager.swift in Sources */ = {isa = PBXBuildFile; fileRef = 47F23A572D35407D00F424B8 /* APIManager.swift */; };
		47F23A5A2D35410A00F424B8 /* Endpoint.swift in Sources */ = {isa = PBXBuildFile; fileRef = 47F23A592D35410A00F424B8 /* Endpoint.swift */; };
		47F23A5C2D35415200F424B8 /* APITask.swift in Sources */ = {isa = PBXBuildFile; fileRef = 47F23A5B2D35415200F424B8 /* APITask.swift */; };
		47F23A602D35439500F424B8 /* Data+.swift in Sources */ = {isa = PBXBuildFile; fileRef = 47F23A5F2D35439500F424B8 /* Data+.swift */; };
		47F23A622D3544D700F424B8 /* BaseResponse.swift in Sources */ = {isa = PBXBuildFile; fileRef = 47F23A612D3544D700F424B8 /* BaseResponse.swift */; };
		47F6B7CE2D26FAF00096CCA5 /* HomeView.swift in Sources */ = {isa = PBXBuildFile; fileRef = 47F6B7CD2D26FAF00096CCA5 /* HomeView.swift */; };
		47F6B7D02D26FAF90096CCA5 /* HomeFeature.swift in Sources */ = {isa = PBXBuildFile; fileRef = 47F6B7CF2D26FAF90096CCA5 /* HomeFeature.swift */; };
		47F6B7D42D26FB2D0096CCA5 /* HomeClient.swift in Sources */ = {isa = PBXBuildFile; fileRef = 47F6B7D32D26FB2D0096CCA5 /* HomeClient.swift */; };
		47F71B512CDC68BC0044DEC5 /* FirebaseAuth in Frameworks */ = {isa = PBXBuildFile; productRef = 47F71B502CDC68BC0044DEC5 /* FirebaseAuth */; };
		47F71B532CDC68BC0044DEC5 /* FirebaseAuthCombine-Community in Frameworks */ = {isa = PBXBuildFile; productRef = 47F71B522CDC68BC0044DEC5 /* FirebaseAuthCombine-Community */; };
		47F71B552CDC68BC0044DEC5 /* FirebaseCore in Frameworks */ = {isa = PBXBuildFile; productRef = 47F71B542CDC68BC0044DEC5 /* FirebaseCore */; };
		47F71B572CDC68BC0044DEC5 /* FirebaseFirestore in Frameworks */ = {isa = PBXBuildFile; productRef = 47F71B562CDC68BC0044DEC5 /* FirebaseFirestore */; };
		47F71B592CDC68BC0044DEC5 /* FirebaseFirestoreCombine-Community in Frameworks */ = {isa = PBXBuildFile; productRef = 47F71B582CDC68BC0044DEC5 /* FirebaseFirestoreCombine-Community */; };
		47F71B5F2CDC813A0044DEC5 /* FirebaseDatabase in Frameworks */ = {isa = PBXBuildFile; productRef = 47F71B5E2CDC813A0044DEC5 /* FirebaseDatabase */; };
		47F71B612CDC813A0044DEC5 /* FirebaseFunctions in Frameworks */ = {isa = PBXBuildFile; productRef = 47F71B602CDC813A0044DEC5 /* FirebaseFunctions */; };
		47F71B632CDC813A0044DEC5 /* FirebaseFunctionsCombine-Community in Frameworks */ = {isa = PBXBuildFile; productRef = 47F71B622CDC813A0044DEC5 /* FirebaseFunctionsCombine-Community */; };
		47F79B302CCCB7FC00DD0899 /* TimePicker.swift in Sources */ = {isa = PBXBuildFile; fileRef = 47F79B2F2CCCB7FC00DD0899 /* TimePicker.swift */; };
		982308962D27CA1800D8BFB9 /* RecordFeature.swift in Sources */ = {isa = PBXBuildFile; fileRef = 982308952D27CA1800D8BFB9 /* RecordFeature.swift */; };
		982308982D27CA3C00D8BFB9 /* RecordView2.swift in Sources */ = {isa = PBXBuildFile; fileRef = 982308972D27CA3C00D8BFB9 /* RecordView2.swift */; };
		98244BB92D29300D006132D1 /* CalendarCell.swift in Sources */ = {isa = PBXBuildFile; fileRef = 98244BB82D29300D006132D1 /* CalendarCell.swift */; };
		98244BBB2D2930C3006132D1 /* RecordCell.swift in Sources */ = {isa = PBXBuildFile; fileRef = 98244BBA2D2930C3006132D1 /* RecordCell.swift */; };
		9842FFE32D2C47F6003D5933 /* AuthClient.swift in Sources */ = {isa = PBXBuildFile; fileRef = 9842FFE22D2C47F6003D5933 /* AuthClient.swift */; };
		9892B5D92CEF6BDF0017AF03 /* NetworkServiceTests.swift in Sources */ = {isa = PBXBuildFile; fileRef = 9892B5D82CEF6BDF0017AF03 /* NetworkServiceTests.swift */; };
		98BB20AD2D2D3DF50049DE0B /* AppleLoginManger.swift in Sources */ = {isa = PBXBuildFile; fileRef = 98BB20AC2D2D3DF50049DE0B /* AppleLoginManger.swift */; };
		98CB3FE22D32D47D00B9ABC2 /* MenuButton.swift in Sources */ = {isa = PBXBuildFile; fileRef = 98CB3FE12D32D47D00B9ABC2 /* MenuButton.swift */; };
		98E981F32D31538700A78CCB /* OnboardingFeature.swift in Sources */ = {isa = PBXBuildFile; fileRef = 98E981E72D31538700A78CCB /* OnboardingFeature.swift */; };
		98E981F42D31538700A78CCB /* OnboardingView.swift in Sources */ = {isa = PBXBuildFile; fileRef = 98E981E82D31538700A78CCB /* OnboardingView.swift */; };
		98E981F52D31538700A78CCB /* DepartmentFeature.swift in Sources */ = {isa = PBXBuildFile; fileRef = 98E981EA2D31538700A78CCB /* DepartmentFeature.swift */; };
		98E981F62D31538700A78CCB /* DepartmentInputView.swift in Sources */ = {isa = PBXBuildFile; fileRef = 98E981EB2D31538700A78CCB /* DepartmentInputView.swift */; };
		98E981F72D31538700A78CCB /* NicknameFeature.swift in Sources */ = {isa = PBXBuildFile; fileRef = 98E981ED2D31538700A78CCB /* NicknameFeature.swift */; };
		98E981F82D31538700A78CCB /* NicknameInputView.swift in Sources */ = {isa = PBXBuildFile; fileRef = 98E981EE2D31538700A78CCB /* NicknameInputView.swift */; };
		98E981F92D31538700A78CCB /* SignUpFeature.swift in Sources */ = {isa = PBXBuildFile; fileRef = 98E981F02D31538700A78CCB /* SignUpFeature.swift */; };
		98E981FA2D31538700A78CCB /* SignUpView.swift in Sources */ = {isa = PBXBuildFile; fileRef = 98E981F12D31538700A78CCB /* SignUpView.swift */; };
/* End PBXBuildFile section */

/* Begin PBXContainerItemProxy section */
		47B1D4B92C9CB1760071B62B /* PBXContainerItemProxy */ = {
			isa = PBXContainerItemProxy;
			containerPortal = 47B1D4A02C9CB1740071B62B /* Project object */;
			proxyType = 1;
			remoteGlobalIDString = 47B1D4A72C9CB1740071B62B;
			remoteInfo = HongikYeolgong2;
		};
		47B1D4C32C9CB1760071B62B /* PBXContainerItemProxy */ = {
			isa = PBXContainerItemProxy;
			containerPortal = 47B1D4A02C9CB1740071B62B /* Project object */;
			proxyType = 1;
			remoteGlobalIDString = 47B1D4A72C9CB1740071B62B;
			remoteInfo = HongikYeolgong2;
		};
/* End PBXContainerItemProxy section */

/* Begin PBXFileReference section */
		470723142CBC222E0046469F /* HongikYeolgong2.entitlements */ = {isa = PBXFileReference; lastKnownFileType = text.plist.entitlements; path = HongikYeolgong2.entitlements; sourceTree = "<group>"; };
		470C7B3D2CF4569300C46690 /* RemoteConfigManager.swift */ = {isa = PBXFileReference; lastKnownFileType = sourcecode.swift; path = RemoteConfigManager.swift; sourceTree = "<group>"; };
		471940C72CAFCB1B00426D30 /* SizeCheckModifier.swift */ = {isa = PBXFileReference; lastKnownFileType = sourcecode.swift; path = SizeCheckModifier.swift; sourceTree = "<group>"; };
		471940D02CAFE61A00426D30 /* LineHeight.swift */ = {isa = PBXFileReference; lastKnownFileType = sourcecode.swift; path = LineHeight.swift; sourceTree = "<group>"; };
		471940D22CAFEE5B00426D30 /* Font+Uikit.swift */ = {isa = PBXFileReference; lastKnownFileType = sourcecode.swift; path = "Font+Uikit.swift"; sourceTree = "<group>"; };
		472319EC2CD1FC32009BA019 /* UIApplication+.swift */ = {isa = PBXFileReference; lastKnownFileType = sourcecode.swift; path = "UIApplication+.swift"; sourceTree = "<group>"; };
		4736719C2CB10D7B00527896 /* Info.plist */ = {isa = PBXFileReference; lastKnownFileType = text.plist; path = Info.plist; sourceTree = "<group>"; };
		473671A42CB13D8100527896 /* SafeArea.swift */ = {isa = PBXFileReference; lastKnownFileType = sourcecode.swift; path = SafeArea.swift; sourceTree = "<group>"; };
		473671A62CB1404E00527896 /* Ratio.swift */ = {isa = PBXFileReference; lastKnownFileType = sourcecode.swift; path = Ratio.swift; sourceTree = "<group>"; };
		473E8EB12CCE5267000F102C /* SystemOverlay.swift */ = {isa = PBXFileReference; lastKnownFileType = sourcecode.swift; path = SystemOverlay.swift; sourceTree = "<group>"; };
		473E8EB32CCE6827000F102C /* TimeInterval+.swift */ = {isa = PBXFileReference; lastKnownFileType = sourcecode.swift; path = "TimeInterval+.swift"; sourceTree = "<group>"; };
		473E8EB52CCE6A02000F102C /* Date+.swift */ = {isa = PBXFileReference; lastKnownFileType = sourcecode.swift; path = "Date+.swift"; sourceTree = "<group>"; };
		473E8EBB2CCEBEF3000F102C /* ModalView.swift */ = {isa = PBXFileReference; lastKnownFileType = sourcecode.swift; path = ModalView.swift; sourceTree = "<group>"; };
		474B293F2D27BE4D00DB410D /* MainTabFeature.swift */ = {isa = PBXFileReference; lastKnownFileType = sourcecode.swift; path = MainTabFeature.swift; sourceTree = "<group>"; };
		474B29412D27BFA600DB410D /* MainTabView.swift */ = {isa = PBXFileReference; lastKnownFileType = sourcecode.swift; path = MainTabView.swift; sourceTree = "<group>"; };
		474B29432D27C0DD00DB410D /* AppFeature.swift */ = {isa = PBXFileReference; lastKnownFileType = sourcecode.swift; path = AppFeature.swift; sourceTree = "<group>"; };
		474B29492D27CBD300DB410D /* RankingView.swift */ = {isa = PBXFileReference; lastKnownFileType = sourcecode.swift; path = RankingView.swift; sourceTree = "<group>"; };
		474B294C2D27CBE100DB410D /* SettingView.swift */ = {isa = PBXFileReference; lastKnownFileType = sourcecode.swift; path = SettingView.swift; sourceTree = "<group>"; };
		474D76512D290DDE00AF8CA2 /* WeeklyStudy.swift */ = {isa = PBXFileReference; lastKnownFileType = sourcecode.swift; path = WeeklyStudy.swift; sourceTree = "<group>"; };
		474D76542D290E6B00AF8CA2 /* WeeklyStudyFeature.swift */ = {isa = PBXFileReference; lastKnownFileType = sourcecode.swift; path = WeeklyStudyFeature.swift; sourceTree = "<group>"; };
		474D76572D2913C000AF8CA2 /* Quote.swift */ = {isa = PBXFileReference; lastKnownFileType = sourcecode.swift; path = Quote.swift; sourceTree = "<group>"; };
		474D765A2D291B0A00AF8CA2 /* TimerView.swift */ = {isa = PBXFileReference; lastKnownFileType = sourcecode.swift; path = TimerView.swift; sourceTree = "<group>"; };
		474D765C2D291CC300AF8CA2 /* StudyPeriod.swift */ = {isa = PBXFileReference; lastKnownFileType = sourcecode.swift; path = StudyPeriod.swift; sourceTree = "<group>"; };
		476120AA2D2827CF005EC300 /* SettingFeature.swift */ = {isa = PBXFileReference; lastKnownFileType = sourcecode.swift; path = SettingFeature.swift; sourceTree = "<group>"; };
		476120B12D282B17005EC300 /* LoginFeature.swift */ = {isa = PBXFileReference; lastKnownFileType = sourcecode.swift; path = LoginFeature.swift; sourceTree = "<group>"; };
		476120B32D282B21005EC300 /* LoginView.swift */ = {isa = PBXFileReference; lastKnownFileType = sourcecode.swift; path = LoginView.swift; sourceTree = "<group>"; };
		476F43572D1850F6003DBFA9 /* SwiftUIView.swift */ = {isa = PBXFileReference; lastKnownFileType = sourcecode.swift; path = SwiftUIView.swift; sourceTree = "<group>"; };
		4780044D2CCAAE3200FFAF00 /* String+.swift */ = {isa = PBXFileReference; lastKnownFileType = sourcecode.swift; path = "String+.swift"; sourceTree = "<group>"; };
		4789337A2CADC43D00E1D89E /* DropDownPicker.swift */ = {isa = PBXFileReference; lastKnownFileType = sourcecode.swift; path = DropDownPicker.swift; sourceTree = "<group>"; };
		478B75452CE659C3000190EF /* BaseTextField.swift */ = {isa = PBXFileReference; lastKnownFileType = sourcecode.swift; path = BaseTextField.swift; sourceTree = "<group>"; };
		478F84362CD30A8F0097CAA1 /* IOSBackground.swift */ = {isa = PBXFileReference; lastKnownFileType = sourcecode.swift; path = IOSBackground.swift; sourceTree = "<group>"; };
		479821D32CA24CFF002357EB /* .swiftlint.yml */ = {isa = PBXFileReference; lastKnownFileType = text.yaml; path = .swiftlint.yml; sourceTree = "<group>"; };
		47A147502CA147A600A91F66 /* .gitkeep */ = {isa = PBXFileReference; fileEncoding = 4; lastKnownFileType = text; path = .gitkeep; sourceTree = "<group>"; };
		47A147512CA147A600A91F66 /* Pretendard-Black.otf */ = {isa = PBXFileReference; lastKnownFileType = file; path = "Pretendard-Black.otf"; sourceTree = "<group>"; };
		47A147522CA147A600A91F66 /* Pretendard-Bold.otf */ = {isa = PBXFileReference; lastKnownFileType = file; path = "Pretendard-Bold.otf"; sourceTree = "<group>"; };
		47A147532CA147A600A91F66 /* Pretendard-ExtraBold.otf */ = {isa = PBXFileReference; lastKnownFileType = file; path = "Pretendard-ExtraBold.otf"; sourceTree = "<group>"; };
		47A147542CA147A600A91F66 /* Pretendard-ExtraLight.otf */ = {isa = PBXFileReference; lastKnownFileType = file; path = "Pretendard-ExtraLight.otf"; sourceTree = "<group>"; };
		47A147552CA147A600A91F66 /* Pretendard-Light.otf */ = {isa = PBXFileReference; lastKnownFileType = file; path = "Pretendard-Light.otf"; sourceTree = "<group>"; };
		47A147562CA147A600A91F66 /* Pretendard-Medium.otf */ = {isa = PBXFileReference; lastKnownFileType = file; path = "Pretendard-Medium.otf"; sourceTree = "<group>"; };
		47A147572CA147A600A91F66 /* Pretendard-Regular.otf */ = {isa = PBXFileReference; lastKnownFileType = file; path = "Pretendard-Regular.otf"; sourceTree = "<group>"; };
		47A147582CA147A600A91F66 /* Pretendard-SemiBold.otf */ = {isa = PBXFileReference; lastKnownFileType = file; path = "Pretendard-SemiBold.otf"; sourceTree = "<group>"; };
		47A147592CA147A600A91F66 /* Pretendard-Thin.otf */ = {isa = PBXFileReference; lastKnownFileType = file; path = "Pretendard-Thin.otf"; sourceTree = "<group>"; };
		47A1475A2CA147A600A91F66 /* SUITE-Bold.otf */ = {isa = PBXFileReference; lastKnownFileType = file; path = "SUITE-Bold.otf"; sourceTree = "<group>"; };
		47A1475B2CA147A600A91F66 /* SUITE-ExtraBold.otf */ = {isa = PBXFileReference; lastKnownFileType = file; path = "SUITE-ExtraBold.otf"; sourceTree = "<group>"; };
		47A1475C2CA147A600A91F66 /* SUITE-Heavy.otf */ = {isa = PBXFileReference; lastKnownFileType = file; path = "SUITE-Heavy.otf"; sourceTree = "<group>"; };
		47A1475D2CA147A600A91F66 /* SUITE-Light.otf */ = {isa = PBXFileReference; lastKnownFileType = file; path = "SUITE-Light.otf"; sourceTree = "<group>"; };
		47A1475E2CA147A600A91F66 /* SUITE-Medium.otf */ = {isa = PBXFileReference; lastKnownFileType = file; path = "SUITE-Medium.otf"; sourceTree = "<group>"; };
		47A1475F2CA147A600A91F66 /* SUITE-Regular.otf */ = {isa = PBXFileReference; lastKnownFileType = file; path = "SUITE-Regular.otf"; sourceTree = "<group>"; };
		47A147602CA147A600A91F66 /* SUITE-SemiBold.otf */ = {isa = PBXFileReference; lastKnownFileType = file; path = "SUITE-SemiBold.otf"; sourceTree = "<group>"; };
		47A7EE712D277A8E002DC198 /* GoogleService-Info.plist */ = {isa = PBXFileReference; fileEncoding = 4; lastKnownFileType = text.plist.xml; path = "GoogleService-Info.plist"; sourceTree = "<group>"; };
		47A7EE752D277ACE002DC198 /* Secrets-dev.xcconfig */ = {isa = PBXFileReference; fileEncoding = 4; lastKnownFileType = text.xcconfig; path = "Secrets-dev.xcconfig"; sourceTree = "<group>"; };
		47A7EE772D277AD6002DC198 /* Secrets-prod.xcconfig */ = {isa = PBXFileReference; fileEncoding = 4; lastKnownFileType = text.xcconfig; path = "Secrets-prod.xcconfig"; sourceTree = "<group>"; };
		47B1D4A82C9CB1740071B62B /* HongikYeolgong2.app */ = {isa = PBXFileReference; explicitFileType = wrapper.application; includeInIndex = 0; path = HongikYeolgong2.app; sourceTree = BUILT_PRODUCTS_DIR; };
		47B1D4AB2C9CB1740071B62B /* HongikYeolgong2App.swift */ = {isa = PBXFileReference; lastKnownFileType = sourcecode.swift; path = HongikYeolgong2App.swift; sourceTree = "<group>"; };
		47B1D4AF2C9CB1760071B62B /* Assets.xcassets */ = {isa = PBXFileReference; lastKnownFileType = folder.assetcatalog; path = Assets.xcassets; sourceTree = "<group>"; };
		47B1D4B22C9CB1760071B62B /* Preview Assets.xcassets */ = {isa = PBXFileReference; lastKnownFileType = folder.assetcatalog; path = "Preview Assets.xcassets"; sourceTree = "<group>"; };
		47B1D4B82C9CB1760071B62B /* HongikYeolgong2Tests.xctest */ = {isa = PBXFileReference; explicitFileType = wrapper.cfbundle; includeInIndex = 0; path = HongikYeolgong2Tests.xctest; sourceTree = BUILT_PRODUCTS_DIR; };
		47B1D4BC2C9CB1760071B62B /* HongikYeolgong2Tests.swift */ = {isa = PBXFileReference; lastKnownFileType = sourcecode.swift; path = HongikYeolgong2Tests.swift; sourceTree = "<group>"; };
		47B1D4C22C9CB1760071B62B /* HongikYeolgong2UITests.xctest */ = {isa = PBXFileReference; explicitFileType = wrapper.cfbundle; includeInIndex = 0; path = HongikYeolgong2UITests.xctest; sourceTree = BUILT_PRODUCTS_DIR; };
		47B1D4C62C9CB1760071B62B /* HongikYeolgong2UITests.swift */ = {isa = PBXFileReference; lastKnownFileType = sourcecode.swift; path = HongikYeolgong2UITests.swift; sourceTree = "<group>"; };
		47B1D4C82C9CB1760071B62B /* HongikYeolgong2UITestsLaunchTests.swift */ = {isa = PBXFileReference; lastKnownFileType = sourcecode.swift; path = HongikYeolgong2UITestsLaunchTests.swift; sourceTree = "<group>"; };
		47BACCF62CA164BA00295DAC /* Font+.swift */ = {isa = PBXFileReference; lastKnownFileType = sourcecode.swift; path = "Font+.swift"; sourceTree = "<group>"; };
		47BE30E22CC813BB0015D973 /* KeyChainManager.swift */ = {isa = PBXFileReference; lastKnownFileType = sourcecode.swift; path = KeyChainManager.swift; sourceTree = "<group>"; };
		47D5EDCC2CCBCB6D00ACA469 /* ImageBackground.swift */ = {isa = PBXFileReference; lastKnownFileType = sourcecode.swift; path = ImageBackground.swift; sourceTree = "<group>"; };
		47D5EDCE2CCBD10300ACA469 /* BaseButton.swift */ = {isa = PBXFileReference; lastKnownFileType = sourcecode.swift; path = BaseButton.swift; sourceTree = "<group>"; };
		47DF041E2CBE7A29007E58A7 /* Encodable+.swift */ = {isa = PBXFileReference; lastKnownFileType = sourcecode.swift; path = "Encodable+.swift"; sourceTree = "<group>"; };
		47F23A572D35407D00F424B8 /* APIManager.swift */ = {isa = PBXFileReference; lastKnownFileType = sourcecode.swift; path = APIManager.swift; sourceTree = "<group>"; };
		47F23A592D35410A00F424B8 /* Endpoint.swift */ = {isa = PBXFileReference; lastKnownFileType = sourcecode.swift; path = Endpoint.swift; sourceTree = "<group>"; };
		47F23A5B2D35415200F424B8 /* APITask.swift */ = {isa = PBXFileReference; lastKnownFileType = sourcecode.swift; path = APITask.swift; sourceTree = "<group>"; };
		47F23A5F2D35439500F424B8 /* Data+.swift */ = {isa = PBXFileReference; lastKnownFileType = sourcecode.swift; path = "Data+.swift"; sourceTree = "<group>"; };
		47F23A612D3544D700F424B8 /* BaseResponse.swift */ = {isa = PBXFileReference; lastKnownFileType = sourcecode.swift; path = BaseResponse.swift; sourceTree = "<group>"; };
		47F6B7CD2D26FAF00096CCA5 /* HomeView.swift */ = {isa = PBXFileReference; lastKnownFileType = sourcecode.swift; path = HomeView.swift; sourceTree = "<group>"; };
		47F6B7CF2D26FAF90096CCA5 /* HomeFeature.swift */ = {isa = PBXFileReference; lastKnownFileType = sourcecode.swift; path = HomeFeature.swift; sourceTree = "<group>"; };
		47F6B7D32D26FB2D0096CCA5 /* HomeClient.swift */ = {isa = PBXFileReference; lastKnownFileType = sourcecode.swift; path = HomeClient.swift; sourceTree = "<group>"; };
		47F79B2F2CCCB7FC00DD0899 /* TimePicker.swift */ = {isa = PBXFileReference; lastKnownFileType = sourcecode.swift; path = TimePicker.swift; sourceTree = "<group>"; };
		5ED93CDA2CE3690D004A7931 /* Secrets-prod.xcconfig */ = {isa = PBXFileReference; fileEncoding = 4; lastKnownFileType = text.xcconfig; path = "Secrets-prod.xcconfig"; sourceTree = "<group>"; };
		982308952D27CA1800D8BFB9 /* RecordFeature.swift */ = {isa = PBXFileReference; lastKnownFileType = sourcecode.swift; path = RecordFeature.swift; sourceTree = "<group>"; };
		982308972D27CA3C00D8BFB9 /* RecordView2.swift */ = {isa = PBXFileReference; lastKnownFileType = sourcecode.swift; path = RecordView2.swift; sourceTree = "<group>"; };
		98244BB82D29300D006132D1 /* CalendarCell.swift */ = {isa = PBXFileReference; lastKnownFileType = sourcecode.swift; path = CalendarCell.swift; sourceTree = "<group>"; };
		98244BBA2D2930C3006132D1 /* RecordCell.swift */ = {isa = PBXFileReference; lastKnownFileType = sourcecode.swift; path = RecordCell.swift; sourceTree = "<group>"; };
		9842FFE22D2C47F6003D5933 /* AuthClient.swift */ = {isa = PBXFileReference; lastKnownFileType = sourcecode.swift; path = AuthClient.swift; sourceTree = "<group>"; };
		9892B5D82CEF6BDF0017AF03 /* NetworkServiceTests.swift */ = {isa = PBXFileReference; lastKnownFileType = sourcecode.swift; path = NetworkServiceTests.swift; sourceTree = "<group>"; };
		98BB20AC2D2D3DF50049DE0B /* AppleLoginManger.swift */ = {isa = PBXFileReference; lastKnownFileType = sourcecode.swift; path = AppleLoginManger.swift; sourceTree = "<group>"; };
		98CB3FE12D32D47D00B9ABC2 /* MenuButton.swift */ = {isa = PBXFileReference; lastKnownFileType = sourcecode.swift; path = MenuButton.swift; sourceTree = "<group>"; };
		98E981E72D31538700A78CCB /* OnboardingFeature.swift */ = {isa = PBXFileReference; lastKnownFileType = sourcecode.swift; path = OnboardingFeature.swift; sourceTree = "<group>"; };
		98E981E82D31538700A78CCB /* OnboardingView.swift */ = {isa = PBXFileReference; lastKnownFileType = sourcecode.swift; path = OnboardingView.swift; sourceTree = "<group>"; };
		98E981EA2D31538700A78CCB /* DepartmentFeature.swift */ = {isa = PBXFileReference; lastKnownFileType = sourcecode.swift; path = DepartmentFeature.swift; sourceTree = "<group>"; };
		98E981EB2D31538700A78CCB /* DepartmentInputView.swift */ = {isa = PBXFileReference; lastKnownFileType = sourcecode.swift; path = DepartmentInputView.swift; sourceTree = "<group>"; };
		98E981ED2D31538700A78CCB /* NicknameFeature.swift */ = {isa = PBXFileReference; lastKnownFileType = sourcecode.swift; path = NicknameFeature.swift; sourceTree = "<group>"; };
		98E981EE2D31538700A78CCB /* NicknameInputView.swift */ = {isa = PBXFileReference; lastKnownFileType = sourcecode.swift; path = NicknameInputView.swift; sourceTree = "<group>"; };
		98E981F02D31538700A78CCB /* SignUpFeature.swift */ = {isa = PBXFileReference; lastKnownFileType = sourcecode.swift; path = SignUpFeature.swift; sourceTree = "<group>"; };
		98E981F12D31538700A78CCB /* SignUpView.swift */ = {isa = PBXFileReference; lastKnownFileType = sourcecode.swift; path = SignUpView.swift; sourceTree = "<group>"; };
/* End PBXFileReference section */

/* Begin PBXFrameworksBuildPhase section */
		47B1D4A52C9CB1740071B62B /* Frameworks */ = {
			isa = PBXFrameworksBuildPhase;
			buildActionMask = 2147483647;
			files = (
				470C7B402CF456E500C46690 /* FirebaseRemoteConfig in Frameworks */,
				47F71B5F2CDC813A0044DEC5 /* FirebaseDatabase in Frameworks */,
				476F435B2D185331003DBFA9 /* ComposableArchitecture in Frameworks */,
				47F71B612CDC813A0044DEC5 /* FirebaseFunctions in Frameworks */,
				47F71B512CDC68BC0044DEC5 /* FirebaseAuth in Frameworks */,
				47F71B572CDC68BC0044DEC5 /* FirebaseFirestore in Frameworks */,
				47F71B552CDC68BC0044DEC5 /* FirebaseCore in Frameworks */,
				47F71B592CDC68BC0044DEC5 /* FirebaseFirestoreCombine-Community in Frameworks */,
				47F71B532CDC68BC0044DEC5 /* FirebaseAuthCombine-Community in Frameworks */,
				47F23A532D353F9800F424B8 /* Alamofire in Frameworks */,
				47F71B632CDC813A0044DEC5 /* FirebaseFunctionsCombine-Community in Frameworks */,
				47581ED02CF01EB200A2EA31 /* AmplitudeSwift in Frameworks */,
			);
			runOnlyForDeploymentPostprocessing = 0;
		};
		47B1D4B52C9CB1760071B62B /* Frameworks */ = {
			isa = PBXFrameworksBuildPhase;
			buildActionMask = 2147483647;
			files = (
			);
			runOnlyForDeploymentPostprocessing = 0;
		};
		47B1D4BF2C9CB1760071B62B /* Frameworks */ = {
			isa = PBXFrameworksBuildPhase;
			buildActionMask = 2147483647;
			files = (
			);
			runOnlyForDeploymentPostprocessing = 0;
		};
/* End PBXFrameworksBuildPhase section */

/* Begin PBXGroup section */
		471940C62CAFCA6200426D30 /* Modifier */ = {
			isa = PBXGroup;
			children = (
				471940C72CAFCB1B00426D30 /* SizeCheckModifier.swift */,
				47D5EDCC2CCBCB6D00ACA469 /* ImageBackground.swift */,
				473E8EB12CCE5267000F102C /* SystemOverlay.swift */,
				478F84362CD30A8F0097CAA1 /* IOSBackground.swift */,
			);
			path = Modifier;
			sourceTree = "<group>";
		};
		471940D42CAFEE7800426D30 /* Component */ = {
			isa = PBXGroup;
			children = (
				47D5EDCE2CCBD10300ACA469 /* BaseButton.swift */,
				478B75452CE659C3000190EF /* BaseTextField.swift */,
				4789337A2CADC43D00E1D89E /* DropDownPicker.swift */,
				47F79B2F2CCCB7FC00DD0899 /* TimePicker.swift */,
				473E8EBB2CCEBEF3000F102C /* ModalView.swift */,
			);
			path = Component;
			sourceTree = "<group>";
		};
		471940D52CAFEE8C00426D30 /* Basic */ = {
			isa = PBXGroup;
			children = (
				47BACCF62CA164BA00295DAC /* Font+.swift */,
				471940D22CAFEE5B00426D30 /* Font+Uikit.swift */,
				471940D02CAFE61A00426D30 /* LineHeight.swift */,
				473671A42CB13D8100527896 /* SafeArea.swift */,
				473671A62CB1404E00527896 /* Ratio.swift */,
			);
			path = Basic;
			sourceTree = "<group>";
		};
		474B29482D27CBC800DB410D /* Ranking */ = {
			isa = PBXGroup;
			children = (
				474B29492D27CBD300DB410D /* RankingView.swift */,
			);
			path = Ranking;
			sourceTree = "<group>";
		};
		474B294B2D27CBD700DB410D /* Setting */ = {
			isa = PBXGroup;
			children = (
				474B294C2D27CBE100DB410D /* SettingView.swift */,
				476120AA2D2827CF005EC300 /* SettingFeature.swift */,
				98CB3FE12D32D47D00B9ABC2 /* MenuButton.swift */,
			);
			path = Setting;
			sourceTree = "<group>";
		};
		474D76532D290DF000AF8CA2 /* WeeklyStudy */ = {
			isa = PBXGroup;
			children = (
				474D76512D290DDE00AF8CA2 /* WeeklyStudy.swift */,
				474D76542D290E6B00AF8CA2 /* WeeklyStudyFeature.swift */,
			);
			path = WeeklyStudy;
			sourceTree = "<group>";
		};
		474D76562D2913AB00AF8CA2 /* Quote */ = {
			isa = PBXGroup;
			children = (
				474D76572D2913C000AF8CA2 /* Quote.swift */,
			);
			path = Quote;
			sourceTree = "<group>";
		};
		474D76592D291AD100AF8CA2 /* Timer */ = {
			isa = PBXGroup;
			children = (
				474D765A2D291B0A00AF8CA2 /* TimerView.swift */,
				474D765C2D291CC300AF8CA2 /* StudyPeriod.swift */,
			);
			path = Timer;
			sourceTree = "<group>";
		};
		474FF2FB2CE36F4100ABEE63 /* Recovered References */ = {
			isa = PBXGroup;
			children = (
				5ED93CDA2CE3690D004A7931 /* Secrets-prod.xcconfig */,
			);
			name = "Recovered References";
			sourceTree = "<group>";
		};
		476120AC2D282A9F005EC300 /* Login */ = {
			isa = PBXGroup;
			children = (
				476120B12D282B17005EC300 /* LoginFeature.swift */,
				476120B32D282B21005EC300 /* LoginView.swift */,
			);
			path = Login;
			sourceTree = "<group>";
		};
		4763FFB62CB9133600990336 /* Util */ = {
			isa = PBXGroup;
			children = (
				47F4F69E2CC8E45A00543D24 /* Manager */,
				47DF041D2CBE7A16007E58A7 /* Extensions */,
			);
			path = Util;
			sourceTree = "<group>";
		};
		47A1474F2CA1476D00A91F66 /* Resources */ = {
			isa = PBXGroup;
			children = (
				47A147612CA147A600A91F66 /* Font */,
				47B1D4AF2C9CB1760071B62B /* Assets.xcassets */,
				47B1D4B12C9CB1760071B62B /* Preview Content */,
			);
			path = Resources;
			sourceTree = "<group>";
		};
		47A147612CA147A600A91F66 /* Font */ = {
			isa = PBXGroup;
			children = (
				47A147502CA147A600A91F66 /* .gitkeep */,
				47A147512CA147A600A91F66 /* Pretendard-Black.otf */,
				47A147522CA147A600A91F66 /* Pretendard-Bold.otf */,
				47A147532CA147A600A91F66 /* Pretendard-ExtraBold.otf */,
				47A147542CA147A600A91F66 /* Pretendard-ExtraLight.otf */,
				47A147552CA147A600A91F66 /* Pretendard-Light.otf */,
				47A147562CA147A600A91F66 /* Pretendard-Medium.otf */,
				47A147572CA147A600A91F66 /* Pretendard-Regular.otf */,
				47A147582CA147A600A91F66 /* Pretendard-SemiBold.otf */,
				47A147592CA147A600A91F66 /* Pretendard-Thin.otf */,
				47A1475A2CA147A600A91F66 /* SUITE-Bold.otf */,
				47A1475B2CA147A600A91F66 /* SUITE-ExtraBold.otf */,
				47A1475C2CA147A600A91F66 /* SUITE-Heavy.otf */,
				47A1475D2CA147A600A91F66 /* SUITE-Light.otf */,
				47A1475E2CA147A600A91F66 /* SUITE-Medium.otf */,
				47A1475F2CA147A600A91F66 /* SUITE-Regular.otf */,
				47A147602CA147A600A91F66 /* SUITE-SemiBold.otf */,
			);
			path = Font;
			sourceTree = "<group>";
		};
		47B1D49F2C9CB1740071B62B = {
			isa = PBXGroup;
			children = (
				47A7EE752D277ACE002DC198 /* Secrets-dev.xcconfig */,
				47A7EE772D277AD6002DC198 /* Secrets-prod.xcconfig */,
				479821D32CA24CFF002357EB /* .swiftlint.yml */,
				47B1D4AA2C9CB1740071B62B /* HongikYeolgong2 */,
				47B1D4BB2C9CB1760071B62B /* HongikYeolgong2Tests */,
				47B1D4C52C9CB1760071B62B /* HongikYeolgong2UITests */,
				47B1D4A92C9CB1740071B62B /* Products */,
				474FF2FB2CE36F4100ABEE63 /* Recovered References */,
			);
			sourceTree = "<group>";
		};
		47B1D4A92C9CB1740071B62B /* Products */ = {
			isa = PBXGroup;
			children = (
				47B1D4A82C9CB1740071B62B /* HongikYeolgong2.app */,
				47B1D4B82C9CB1760071B62B /* HongikYeolgong2Tests.xctest */,
				47B1D4C22C9CB1760071B62B /* HongikYeolgong2UITests.xctest */,
			);
			name = Products;
			sourceTree = "<group>";
		};
		47B1D4AA2C9CB1740071B62B /* HongikYeolgong2 */ = {
			isa = PBXGroup;
			children = (
				47F23A542D35401500F424B8 /* Network */,
				47F6B7D12D26FAFE0096CCA5 /* Client */,
				47F6B7CA2D26FABC0096CCA5 /* Presentation */,
				47A7EE712D277A8E002DC198 /* GoogleService-Info.plist */,
				470723142CBC222E0046469F /* HongikYeolgong2.entitlements */,
				4736719C2CB10D7B00527896 /* Info.plist */,
				47B1D4AB2C9CB1740071B62B /* HongikYeolgong2App.swift */,
				476F43572D1850F6003DBFA9 /* SwiftUIView.swift */,
				4763FFB62CB9133600990336 /* Util */,
				47BACCF52CA164B200295DAC /* UI */,
				47A1474F2CA1476D00A91F66 /* Resources */,
			);
			path = HongikYeolgong2;
			sourceTree = "<group>";
		};
		47B1D4B12C9CB1760071B62B /* Preview Content */ = {
			isa = PBXGroup;
			children = (
				47B1D4B22C9CB1760071B62B /* Preview Assets.xcassets */,
			);
			path = "Preview Content";
			sourceTree = "<group>";
		};
		47B1D4BB2C9CB1760071B62B /* HongikYeolgong2Tests */ = {
			isa = PBXGroup;
			children = (
				47B1D4BC2C9CB1760071B62B /* HongikYeolgong2Tests.swift */,
				9892B5D82CEF6BDF0017AF03 /* NetworkServiceTests.swift */,
			);
			path = HongikYeolgong2Tests;
			sourceTree = "<group>";
		};
		47B1D4C52C9CB1760071B62B /* HongikYeolgong2UITests */ = {
			isa = PBXGroup;
			children = (
				47B1D4C62C9CB1760071B62B /* HongikYeolgong2UITests.swift */,
				47B1D4C82C9CB1760071B62B /* HongikYeolgong2UITestsLaunchTests.swift */,
			);
			path = HongikYeolgong2UITests;
			sourceTree = "<group>";
		};
		47BACCF52CA164B200295DAC /* UI */ = {
			isa = PBXGroup;
			children = (
				471940D52CAFEE8C00426D30 /* Basic */,
				471940D42CAFEE7800426D30 /* Component */,
				471940C62CAFCA6200426D30 /* Modifier */,
			);
			path = UI;
			sourceTree = "<group>";
		};
		47DF041D2CBE7A16007E58A7 /* Extensions */ = {
			isa = PBXGroup;
			children = (
				47DF041E2CBE7A29007E58A7 /* Encodable+.swift */,
				4780044D2CCAAE3200FFAF00 /* String+.swift */,
				473E8EB32CCE6827000F102C /* TimeInterval+.swift */,
				473E8EB52CCE6A02000F102C /* Date+.swift */,
				472319EC2CD1FC32009BA019 /* UIApplication+.swift */,
				47F23A5F2D35439500F424B8 /* Data+.swift */,
			);
			path = Extensions;
			sourceTree = "<group>";
		};
		47F23A542D35401500F424B8 /* Network */ = {
			isa = PBXGroup;
			children = (
				47F23A5E2D35426F00F424B8 /* DTO */,
				47F23A552D35404C00F424B8 /* API */,
			);
			path = Network;
			sourceTree = "<group>";
		};
		47F23A552D35404C00F424B8 /* API */ = {
			isa = PBXGroup;
			children = (
				47F23A5D2D35425900F424B8 /* EndPoint */,
				47F23A562D35405E00F424B8 /* Base */,
			);
			path = API;
			sourceTree = "<group>";
		};
		47F23A562D35405E00F424B8 /* Base */ = {
			isa = PBXGroup;
			children = (
				47F23A572D35407D00F424B8 /* APIManager.swift */,
				47F23A592D35410A00F424B8 /* Endpoint.swift */,
				47F23A5B2D35415200F424B8 /* APITask.swift */,
			);
			path = Base;
			sourceTree = "<group>";
		};
		47F23A5D2D35425900F424B8 /* EndPoint */ = {
			isa = PBXGroup;
			children = (
			);
			path = EndPoint;
			sourceTree = "<group>";
		};
		47F23A5E2D35426F00F424B8 /* DTO */ = {
			isa = PBXGroup;
			children = (
				47F23A612D3544D700F424B8 /* BaseResponse.swift */,
			);
			path = DTO;
			sourceTree = "<group>";
		};
		47F4F69E2CC8E45A00543D24 /* Manager */ = {
			isa = PBXGroup;
			children = (
				47BE30E22CC813BB0015D973 /* KeyChainManager.swift */,
				470C7B3D2CF4569300C46690 /* RemoteConfigManager.swift */,
				98BB20AC2D2D3DF50049DE0B /* AppleLoginManger.swift */,
			);
			path = Manager;
			sourceTree = "<group>";
		};
		47F6B7CA2D26FABC0096CCA5 /* Presentation */ = {
			isa = PBXGroup;
			children = (
				98E981FC2D31759600A78CCB /* Auth */,
				982308942D27C97600D8BFB9 /* Record */,
				476120AC2D282A9F005EC300 /* Login */,
				474B294B2D27CBD700DB410D /* Setting */,
				474B29482D27CBC800DB410D /* Ranking */,
				47F6B7CC2D26FAE20096CCA5 /* Home */,
				474B293F2D27BE4D00DB410D /* MainTabFeature.swift */,
				474B29412D27BFA600DB410D /* MainTabView.swift */,
				474B29432D27C0DD00DB410D /* AppFeature.swift */,
			);
			path = Presentation;
			sourceTree = "<group>";
		};
		47F6B7CC2D26FAE20096CCA5 /* Home */ = {
			isa = PBXGroup;
			children = (
				474D76592D291AD100AF8CA2 /* Timer */,
				474D76562D2913AB00AF8CA2 /* Quote */,
				474D76532D290DF000AF8CA2 /* WeeklyStudy */,
				47F6B7CD2D26FAF00096CCA5 /* HomeView.swift */,
				47F6B7CF2D26FAF90096CCA5 /* HomeFeature.swift */,
			);
			path = Home;
			sourceTree = "<group>";
		};
		47F6B7D12D26FAFE0096CCA5 /* Client */ = {
			isa = PBXGroup;
			children = (
				9842FFE12D2C47E5003D5933 /* Auth */,
				47F6B7D22D26FB050096CCA5 /* Home */,
			);
			path = Client;
			sourceTree = "<group>";
		};
		47F6B7D22D26FB050096CCA5 /* Home */ = {
			isa = PBXGroup;
			children = (
				47F6B7D32D26FB2D0096CCA5 /* HomeClient.swift */,
			);
			path = Home;
			sourceTree = "<group>";
		};
		982308942D27C97600D8BFB9 /* Record */ = {
			isa = PBXGroup;
			children = (
				982308952D27CA1800D8BFB9 /* RecordFeature.swift */,
				982308972D27CA3C00D8BFB9 /* RecordView2.swift */,
				98244BB82D29300D006132D1 /* CalendarCell.swift */,
				98244BBA2D2930C3006132D1 /* RecordCell.swift */,
			);
			path = Record;
			sourceTree = "<group>";
		};
		9842FFE12D2C47E5003D5933 /* Auth */ = {
			isa = PBXGroup;
			children = (
				9842FFE22D2C47F6003D5933 /* AuthClient.swift */,
			);
			path = Auth;
			sourceTree = "<group>";
		};
		98E981FC2D31759600A78CCB /* Auth */ = {
			isa = PBXGroup;
			children = (
				98E981FE2D31773700A78CCB /* SignUp */,
				98E981FD2D31771F00A78CCB /* Onboarding */,
			);
			path = Auth;
			sourceTree = "<group>";
		};
		98E981FD2D31771F00A78CCB /* Onboarding */ = {
			isa = PBXGroup;
			children = (
				98E981E72D31538700A78CCB /* OnboardingFeature.swift */,
				98E981E82D31538700A78CCB /* OnboardingView.swift */,
			);
			path = Onboarding;
			sourceTree = "<group>";
		};
		98E981FE2D31773700A78CCB /* SignUp */ = {
			isa = PBXGroup;
			children = (
				98E982002D31775500A78CCB /* NickName */,
				98E981FF2D31774600A78CCB /* Department */,
				98E981F02D31538700A78CCB /* SignUpFeature.swift */,
				98E981F12D31538700A78CCB /* SignUpView.swift */,
			);
			path = SignUp;
			sourceTree = "<group>";
		};
		98E981FF2D31774600A78CCB /* Department */ = {
			isa = PBXGroup;
			children = (
				98E981EA2D31538700A78CCB /* DepartmentFeature.swift */,
				98E981EB2D31538700A78CCB /* DepartmentInputView.swift */,
			);
			path = Department;
			sourceTree = "<group>";
		};
		98E982002D31775500A78CCB /* NickName */ = {
			isa = PBXGroup;
			children = (
				98E981ED2D31538700A78CCB /* NicknameFeature.swift */,
				98E981EE2D31538700A78CCB /* NicknameInputView.swift */,
			);
			path = NickName;
			sourceTree = "<group>";
		};
/* End PBXGroup section */

/* Begin PBXNativeTarget section */
		47B1D4A72C9CB1740071B62B /* HongikYeolgong2 */ = {
			isa = PBXNativeTarget;
			buildConfigurationList = 47B1D4CC2C9CB1760071B62B /* Build configuration list for PBXNativeTarget "HongikYeolgong2" */;
			buildPhases = (
				47B1D4A42C9CB1740071B62B /* Sources */,
				47B1D4A52C9CB1740071B62B /* Frameworks */,
				47B1D4A62C9CB1740071B62B /* Resources */,
				479821D22CA24CBF002357EB /* ShellScript */,
			);
			buildRules = (
			);
			dependencies = (
			);
			name = HongikYeolgong2;
			packageProductDependencies = (
				47F71B502CDC68BC0044DEC5 /* FirebaseAuth */,
				47F71B522CDC68BC0044DEC5 /* FirebaseAuthCombine-Community */,
				47F71B542CDC68BC0044DEC5 /* FirebaseCore */,
				47F71B562CDC68BC0044DEC5 /* FirebaseFirestore */,
				47F71B582CDC68BC0044DEC5 /* FirebaseFirestoreCombine-Community */,
				47F71B5E2CDC813A0044DEC5 /* FirebaseDatabase */,
				47F71B602CDC813A0044DEC5 /* FirebaseFunctions */,
				47F71B622CDC813A0044DEC5 /* FirebaseFunctionsCombine-Community */,
				47581ECF2CF01EB200A2EA31 /* AmplitudeSwift */,
				470C7B3F2CF456E500C46690 /* FirebaseRemoteConfig */,
				476F435A2D185331003DBFA9 /* ComposableArchitecture */,
				47F23A522D353F9800F424B8 /* Alamofire */,
			);
			productName = HongikYeolgong2;
			productReference = 47B1D4A82C9CB1740071B62B /* HongikYeolgong2.app */;
			productType = "com.apple.product-type.application";
		};
		47B1D4B72C9CB1760071B62B /* HongikYeolgong2Tests */ = {
			isa = PBXNativeTarget;
			buildConfigurationList = 47B1D4CF2C9CB1760071B62B /* Build configuration list for PBXNativeTarget "HongikYeolgong2Tests" */;
			buildPhases = (
				47B1D4B42C9CB1760071B62B /* Sources */,
				47B1D4B52C9CB1760071B62B /* Frameworks */,
				47B1D4B62C9CB1760071B62B /* Resources */,
			);
			buildRules = (
			);
			dependencies = (
				47B1D4BA2C9CB1760071B62B /* PBXTargetDependency */,
			);
			name = HongikYeolgong2Tests;
			productName = HongikYeolgong2Tests;
			productReference = 47B1D4B82C9CB1760071B62B /* HongikYeolgong2Tests.xctest */;
			productType = "com.apple.product-type.bundle.unit-test";
		};
		47B1D4C12C9CB1760071B62B /* HongikYeolgong2UITests */ = {
			isa = PBXNativeTarget;
			buildConfigurationList = 47B1D4D22C9CB1760071B62B /* Build configuration list for PBXNativeTarget "HongikYeolgong2UITests" */;
			buildPhases = (
				47B1D4BE2C9CB1760071B62B /* Sources */,
				47B1D4BF2C9CB1760071B62B /* Frameworks */,
				47B1D4C02C9CB1760071B62B /* Resources */,
			);
			buildRules = (
			);
			dependencies = (
				47B1D4C42C9CB1760071B62B /* PBXTargetDependency */,
			);
			name = HongikYeolgong2UITests;
			productName = HongikYeolgong2UITests;
			productReference = 47B1D4C22C9CB1760071B62B /* HongikYeolgong2UITests.xctest */;
			productType = "com.apple.product-type.bundle.ui-testing";
		};
/* End PBXNativeTarget section */

/* Begin PBXProject section */
		47B1D4A02C9CB1740071B62B /* Project object */ = {
			isa = PBXProject;
			attributes = {
				BuildIndependentTargetsInParallel = 1;
				LastSwiftUpdateCheck = 1540;
				LastUpgradeCheck = 1610;
				TargetAttributes = {
					47B1D4A72C9CB1740071B62B = {
						CreatedOnToolsVersion = 15.4;
					};
					47B1D4B72C9CB1760071B62B = {
						CreatedOnToolsVersion = 15.4;
						TestTargetID = 47B1D4A72C9CB1740071B62B;
					};
					47B1D4C12C9CB1760071B62B = {
						CreatedOnToolsVersion = 15.4;
						TestTargetID = 47B1D4A72C9CB1740071B62B;
					};
				};
			};
			buildConfigurationList = 47B1D4A32C9CB1740071B62B /* Build configuration list for PBXProject "HongikYeolgong2" */;
			compatibilityVersion = "Xcode 14.0";
			developmentRegion = en;
			hasScannedForEncodings = 0;
			knownRegions = (
				en,
				Base,
			);
			mainGroup = 47B1D49F2C9CB1740071B62B;
			packageReferences = (
				47F71B4F2CDC68BC0044DEC5 /* XCRemoteSwiftPackageReference "firebase-ios-sdk" */,
				47581ECE2CF01EB200A2EA31 /* XCRemoteSwiftPackageReference "Amplitude-Swift" */,
				476F43592D185331003DBFA9 /* XCRemoteSwiftPackageReference "swift-composable-architecture" */,
				47F23A512D353F9800F424B8 /* XCRemoteSwiftPackageReference "Alamofire" */,
			);
			productRefGroup = 47B1D4A92C9CB1740071B62B /* Products */;
			projectDirPath = "";
			projectRoot = "";
			targets = (
				47B1D4A72C9CB1740071B62B /* HongikYeolgong2 */,
				47B1D4B72C9CB1760071B62B /* HongikYeolgong2Tests */,
				47B1D4C12C9CB1760071B62B /* HongikYeolgong2UITests */,
			);
		};
/* End PBXProject section */

/* Begin PBXResourcesBuildPhase section */
		47B1D4A62C9CB1740071B62B /* Resources */ = {
			isa = PBXResourcesBuildPhase;
			buildActionMask = 2147483647;
			files = (
				47A147682CA147A600A91F66 /* Pretendard-Medium.otf in Resources */,
				479821D42CA24CFF002357EB /* .swiftlint.yml in Resources */,
				47A147642CA147A600A91F66 /* Pretendard-Bold.otf in Resources */,
				47A147702CA147A600A91F66 /* SUITE-Medium.otf in Resources */,
				47A7EE762D277ACE002DC198 /* Secrets-dev.xcconfig in Resources */,
				47A1476A2CA147A600A91F66 /* Pretendard-SemiBold.otf in Resources */,
				47A147662CA147A600A91F66 /* Pretendard-ExtraLight.otf in Resources */,
				47A147712CA147A600A91F66 /* SUITE-Regular.otf in Resources */,
				47A147652CA147A600A91F66 /* Pretendard-ExtraBold.otf in Resources */,
				47B1D4B32C9CB1760071B62B /* Preview Assets.xcassets in Resources */,
				47A1476D2CA147A600A91F66 /* SUITE-ExtraBold.otf in Resources */,
				47A1476F2CA147A600A91F66 /* SUITE-Light.otf in Resources */,
				47A147722CA147A600A91F66 /* SUITE-SemiBold.otf in Resources */,
				47B1D4B02C9CB1760071B62B /* Assets.xcassets in Resources */,
				47A1476E2CA147A600A91F66 /* SUITE-Heavy.otf in Resources */,
				47A147692CA147A600A91F66 /* Pretendard-Regular.otf in Resources */,
				47A1476B2CA147A600A91F66 /* Pretendard-Thin.otf in Resources */,
				47A147632CA147A600A91F66 /* Pretendard-Black.otf in Resources */,
				47A147672CA147A600A91F66 /* Pretendard-Light.otf in Resources */,
				47A1476C2CA147A600A91F66 /* SUITE-Bold.otf in Resources */,
				47A7EE782D277AD6002DC198 /* Secrets-prod.xcconfig in Resources */,
				47A7EE722D277A8E002DC198 /* GoogleService-Info.plist in Resources */,
			);
			runOnlyForDeploymentPostprocessing = 0;
		};
		47B1D4B62C9CB1760071B62B /* Resources */ = {
			isa = PBXResourcesBuildPhase;
			buildActionMask = 2147483647;
			files = (
			);
			runOnlyForDeploymentPostprocessing = 0;
		};
		47B1D4C02C9CB1760071B62B /* Resources */ = {
			isa = PBXResourcesBuildPhase;
			buildActionMask = 2147483647;
			files = (
			);
			runOnlyForDeploymentPostprocessing = 0;
		};
/* End PBXResourcesBuildPhase section */

/* Begin PBXShellScriptBuildPhase section */
		479821D22CA24CBF002357EB /* ShellScript */ = {
			isa = PBXShellScriptBuildPhase;
			buildActionMask = 2147483647;
			files = (
			);
			inputFileListPaths = (
			);
			inputPaths = (
			);
			outputFileListPaths = (
			);
			outputPaths = (
			);
			runOnlyForDeploymentPostprocessing = 0;
			shellPath = /bin/sh;
			shellScript = "# Type a script or drag a script file from your workspace to insert its path.\nif which swiftlint >/dev/null; then\n  swiftlint\nelse\n  echo \"warning: SwiftLint not installed, download from https://github.com/realm/SwiftLint\"\nfi\n";
		};
/* End PBXShellScriptBuildPhase section */

/* Begin PBXSourcesBuildPhase section */
		47B1D4A42C9CB1740071B62B /* Sources */ = {
			isa = PBXSourcesBuildPhase;
			buildActionMask = 2147483647;
			files = (
				472319ED2CD1FC32009BA019 /* UIApplication+.swift in Sources */,
				470C7B3E2CF4569300C46690 /* RemoteConfigManager.swift in Sources */,
				476F43582D1850F6003DBFA9 /* SwiftUIView.swift in Sources */,
				47DF041F2CBE7A29007E58A7 /* Encodable+.swift in Sources */,
				98244BBB2D2930C3006132D1 /* RecordCell.swift in Sources */,
				4789337B2CADC43D00E1D89E /* DropDownPicker.swift in Sources */,
				98BB20AD2D2D3DF50049DE0B /* AppleLoginManger.swift in Sources */,
				474B294D2D27CBE100DB410D /* SettingView.swift in Sources */,
				47F6B7CE2D26FAF00096CCA5 /* HomeView.swift in Sources */,
				98244BB92D29300D006132D1 /* CalendarCell.swift in Sources */,
				474B29402D27BE4D00DB410D /* MainTabFeature.swift in Sources */,
				476120B42D282B21005EC300 /* LoginView.swift in Sources */,
				473E8EBC2CCEBEF3000F102C /* ModalView.swift in Sources */,
				473E8EB62CCE6A02000F102C /* Date+.swift in Sources */,
				98CB3FE22D32D47D00B9ABC2 /* MenuButton.swift in Sources */,
				47F23A602D35439500F424B8 /* Data+.swift in Sources */,
				473671A72CB1404E00527896 /* Ratio.swift in Sources */,
				474B29442D27C0DD00DB410D /* AppFeature.swift in Sources */,
				47BACCF72CA164BA00295DAC /* Font+.swift in Sources */,
				474B29422D27BFA600DB410D /* MainTabView.swift in Sources */,
				471940D32CAFEE5B00426D30 /* Font+Uikit.swift in Sources */,
				471940D12CAFE61A00426D30 /* LineHeight.swift in Sources */,
				474D765B2D291B0A00AF8CA2 /* TimerView.swift in Sources */,
				47F6B7D02D26FAF90096CCA5 /* HomeFeature.swift in Sources */,
				473671A52CB13D8100527896 /* SafeArea.swift in Sources */,
				47F6B7D42D26FB2D0096CCA5 /* HomeClient.swift in Sources */,
				471940C82CAFCB1B00426D30 /* SizeCheckModifier.swift in Sources */,
				47B1D4AC2C9CB1740071B62B /* HongikYeolgong2App.swift in Sources */,
				982308982D27CA3C00D8BFB9 /* RecordView2.swift in Sources */,
				474D765D2D291CC300AF8CA2 /* StudyPeriod.swift in Sources */,
				4780044E2CCAAE3200FFAF00 /* String+.swift in Sources */,
				478F84372CD30A8F0097CAA1 /* IOSBackground.swift in Sources */,
				474B294A2D27CBD300DB410D /* RankingView.swift in Sources */,
				47D5EDCD2CCBCB6D00ACA469 /* ImageBackground.swift in Sources */,
				473E8EB42CCE6827000F102C /* TimeInterval+.swift in Sources */,
				982308962D27CA1800D8BFB9 /* RecordFeature.swift in Sources */,
				476120AB2D2827CF005EC300 /* SettingFeature.swift in Sources */,
				47BE30E32CC813BB0015D973 /* KeyChainManager.swift in Sources */,
				47F23A582D35407D00F424B8 /* APIManager.swift in Sources */,
				474D76582D2913C000AF8CA2 /* Quote.swift in Sources */,
				474D76522D290DDE00AF8CA2 /* WeeklyStudy.swift in Sources */,
				473E8EB22CCE5267000F102C /* SystemOverlay.swift in Sources */,
				476120B22D282B17005EC300 /* LoginFeature.swift in Sources */,
				47F23A5A2D35410A00F424B8 /* Endpoint.swift in Sources */,
				478B75462CE659C3000190EF /* BaseTextField.swift in Sources */,
				9842FFE32D2C47F6003D5933 /* AuthClient.swift in Sources */,
				47F23A622D3544D700F424B8 /* BaseResponse.swift in Sources */,
				98E981F32D31538700A78CCB /* OnboardingFeature.swift in Sources */,
				98E981F42D31538700A78CCB /* OnboardingView.swift in Sources */,
				98E981F52D31538700A78CCB /* DepartmentFeature.swift in Sources */,
				98E981F62D31538700A78CCB /* DepartmentInputView.swift in Sources */,
				98E981F72D31538700A78CCB /* NicknameFeature.swift in Sources */,
				98E981F82D31538700A78CCB /* NicknameInputView.swift in Sources */,
				98E981F92D31538700A78CCB /* SignUpFeature.swift in Sources */,
				98E981FA2D31538700A78CCB /* SignUpView.swift in Sources */,
				47F79B302CCCB7FC00DD0899 /* TimePicker.swift in Sources */,
				47F23A5C2D35415200F424B8 /* APITask.swift in Sources */,
				474D76552D290E6B00AF8CA2 /* WeeklyStudyFeature.swift in Sources */,
				47D5EDCF2CCBD10300ACA469 /* BaseButton.swift in Sources */,
			);
			runOnlyForDeploymentPostprocessing = 0;
		};
		47B1D4B42C9CB1760071B62B /* Sources */ = {
			isa = PBXSourcesBuildPhase;
			buildActionMask = 2147483647;
			files = (
				47B1D4BD2C9CB1760071B62B /* HongikYeolgong2Tests.swift in Sources */,
				9892B5D92CEF6BDF0017AF03 /* NetworkServiceTests.swift in Sources */,
			);
			runOnlyForDeploymentPostprocessing = 0;
		};
		47B1D4BE2C9CB1760071B62B /* Sources */ = {
			isa = PBXSourcesBuildPhase;
			buildActionMask = 2147483647;
			files = (
				47B1D4C72C9CB1760071B62B /* HongikYeolgong2UITests.swift in Sources */,
				47B1D4C92C9CB1760071B62B /* HongikYeolgong2UITestsLaunchTests.swift in Sources */,
			);
			runOnlyForDeploymentPostprocessing = 0;
		};
/* End PBXSourcesBuildPhase section */

/* Begin PBXTargetDependency section */
		47B1D4BA2C9CB1760071B62B /* PBXTargetDependency */ = {
			isa = PBXTargetDependency;
			target = 47B1D4A72C9CB1740071B62B /* HongikYeolgong2 */;
			targetProxy = 47B1D4B92C9CB1760071B62B /* PBXContainerItemProxy */;
		};
		47B1D4C42C9CB1760071B62B /* PBXTargetDependency */ = {
			isa = PBXTargetDependency;
			target = 47B1D4A72C9CB1740071B62B /* HongikYeolgong2 */;
			targetProxy = 47B1D4C32C9CB1760071B62B /* PBXContainerItemProxy */;
		};
/* End PBXTargetDependency section */

/* Begin XCBuildConfiguration section */
		47B1D4CA2C9CB1760071B62B /* Debug */ = {
			isa = XCBuildConfiguration;
			baseConfigurationReference = 47A7EE752D277ACE002DC198 /* Secrets-dev.xcconfig */;
			buildSettings = {
				ALWAYS_SEARCH_USER_PATHS = NO;
				ASSETCATALOG_COMPILER_GENERATE_SWIFT_ASSET_SYMBOL_EXTENSIONS = YES;
				CLANG_ANALYZER_NONNULL = YES;
				CLANG_ANALYZER_NUMBER_OBJECT_CONVERSION = YES_AGGRESSIVE;
				CLANG_CXX_LANGUAGE_STANDARD = "gnu++20";
				CLANG_ENABLE_MODULES = YES;
				CLANG_ENABLE_OBJC_ARC = YES;
				CLANG_ENABLE_OBJC_WEAK = YES;
				CLANG_WARN_BLOCK_CAPTURE_AUTORELEASING = YES;
				CLANG_WARN_BOOL_CONVERSION = YES;
				CLANG_WARN_COMMA = YES;
				CLANG_WARN_CONSTANT_CONVERSION = YES;
				CLANG_WARN_DEPRECATED_OBJC_IMPLEMENTATIONS = YES;
				CLANG_WARN_DIRECT_OBJC_ISA_USAGE = YES_ERROR;
				CLANG_WARN_DOCUMENTATION_COMMENTS = YES;
				CLANG_WARN_EMPTY_BODY = YES;
				CLANG_WARN_ENUM_CONVERSION = YES;
				CLANG_WARN_INFINITE_RECURSION = YES;
				CLANG_WARN_INT_CONVERSION = YES;
				CLANG_WARN_NON_LITERAL_NULL_CONVERSION = YES;
				CLANG_WARN_OBJC_IMPLICIT_RETAIN_SELF = YES;
				CLANG_WARN_OBJC_LITERAL_CONVERSION = YES;
				CLANG_WARN_OBJC_ROOT_CLASS = YES_ERROR;
				CLANG_WARN_QUOTED_INCLUDE_IN_FRAMEWORK_HEADER = YES;
				CLANG_WARN_RANGE_LOOP_ANALYSIS = YES;
				CLANG_WARN_STRICT_PROTOTYPES = YES;
				CLANG_WARN_SUSPICIOUS_MOVE = YES;
				CLANG_WARN_UNGUARDED_AVAILABILITY = YES_AGGRESSIVE;
				CLANG_WARN_UNREACHABLE_CODE = YES;
				CLANG_WARN__DUPLICATE_METHOD_MATCH = YES;
				COPY_PHASE_STRIP = NO;
				DEBUG_INFORMATION_FORMAT = dwarf;
				ENABLE_STRICT_OBJC_MSGSEND = YES;
				ENABLE_TESTABILITY = YES;
				ENABLE_USER_SCRIPT_SANDBOXING = YES;
				GCC_C_LANGUAGE_STANDARD = gnu17;
				GCC_DYNAMIC_NO_PIC = NO;
				GCC_NO_COMMON_BLOCKS = YES;
				GCC_OPTIMIZATION_LEVEL = 0;
				GCC_PREPROCESSOR_DEFINITIONS = (
					"DEBUG=1",
					"$(inherited)",
				);
				GCC_WARN_64_TO_32_BIT_CONVERSION = YES;
				GCC_WARN_ABOUT_RETURN_TYPE = YES_ERROR;
				GCC_WARN_UNDECLARED_SELECTOR = YES;
				GCC_WARN_UNINITIALIZED_AUTOS = YES_AGGRESSIVE;
				GCC_WARN_UNUSED_FUNCTION = YES;
				GCC_WARN_UNUSED_VARIABLE = YES;
				IPHONEOS_DEPLOYMENT_TARGET = 17.5;
				LOCALIZATION_PREFERS_STRING_CATALOGS = YES;
				MTL_ENABLE_DEBUG_INFO = INCLUDE_SOURCE;
				MTL_FAST_MATH = YES;
				ONLY_ACTIVE_ARCH = YES;
				SDKROOT = iphoneos;
				SWIFT_ACTIVE_COMPILATION_CONDITIONS = "DEBUG $(inherited)";
				SWIFT_OPTIMIZATION_LEVEL = "-Onone";
			};
			name = Debug;
		};
		47B1D4CB2C9CB1760071B62B /* Release */ = {
			isa = XCBuildConfiguration;
			baseConfigurationReference = 47A7EE752D277ACE002DC198 /* Secrets-dev.xcconfig */;
			buildSettings = {
				ALWAYS_SEARCH_USER_PATHS = NO;
				ASSETCATALOG_COMPILER_GENERATE_SWIFT_ASSET_SYMBOL_EXTENSIONS = YES;
				CLANG_ANALYZER_NONNULL = YES;
				CLANG_ANALYZER_NUMBER_OBJECT_CONVERSION = YES_AGGRESSIVE;
				CLANG_CXX_LANGUAGE_STANDARD = "gnu++20";
				CLANG_ENABLE_MODULES = YES;
				CLANG_ENABLE_OBJC_ARC = YES;
				CLANG_ENABLE_OBJC_WEAK = YES;
				CLANG_WARN_BLOCK_CAPTURE_AUTORELEASING = YES;
				CLANG_WARN_BOOL_CONVERSION = YES;
				CLANG_WARN_COMMA = YES;
				CLANG_WARN_CONSTANT_CONVERSION = YES;
				CLANG_WARN_DEPRECATED_OBJC_IMPLEMENTATIONS = YES;
				CLANG_WARN_DIRECT_OBJC_ISA_USAGE = YES_ERROR;
				CLANG_WARN_DOCUMENTATION_COMMENTS = YES;
				CLANG_WARN_EMPTY_BODY = YES;
				CLANG_WARN_ENUM_CONVERSION = YES;
				CLANG_WARN_INFINITE_RECURSION = YES;
				CLANG_WARN_INT_CONVERSION = YES;
				CLANG_WARN_NON_LITERAL_NULL_CONVERSION = YES;
				CLANG_WARN_OBJC_IMPLICIT_RETAIN_SELF = YES;
				CLANG_WARN_OBJC_LITERAL_CONVERSION = YES;
				CLANG_WARN_OBJC_ROOT_CLASS = YES_ERROR;
				CLANG_WARN_QUOTED_INCLUDE_IN_FRAMEWORK_HEADER = YES;
				CLANG_WARN_RANGE_LOOP_ANALYSIS = YES;
				CLANG_WARN_STRICT_PROTOTYPES = YES;
				CLANG_WARN_SUSPICIOUS_MOVE = YES;
				CLANG_WARN_UNGUARDED_AVAILABILITY = YES_AGGRESSIVE;
				CLANG_WARN_UNREACHABLE_CODE = YES;
				CLANG_WARN__DUPLICATE_METHOD_MATCH = YES;
				COPY_PHASE_STRIP = NO;
				DEBUG_INFORMATION_FORMAT = "dwarf-with-dsym";
				ENABLE_NS_ASSERTIONS = NO;
				ENABLE_STRICT_OBJC_MSGSEND = YES;
				ENABLE_USER_SCRIPT_SANDBOXING = YES;
				GCC_C_LANGUAGE_STANDARD = gnu17;
				GCC_NO_COMMON_BLOCKS = YES;
				GCC_WARN_64_TO_32_BIT_CONVERSION = YES;
				GCC_WARN_ABOUT_RETURN_TYPE = YES_ERROR;
				GCC_WARN_UNDECLARED_SELECTOR = YES;
				GCC_WARN_UNINITIALIZED_AUTOS = YES_AGGRESSIVE;
				GCC_WARN_UNUSED_FUNCTION = YES;
				GCC_WARN_UNUSED_VARIABLE = YES;
				IPHONEOS_DEPLOYMENT_TARGET = 17.5;
				LOCALIZATION_PREFERS_STRING_CATALOGS = YES;
				MTL_ENABLE_DEBUG_INFO = NO;
				MTL_FAST_MATH = YES;
				SDKROOT = iphoneos;
				SWIFT_COMPILATION_MODE = wholemodule;
				VALIDATE_PRODUCT = YES;
			};
			name = Release;
		};
		47B1D4CD2C9CB1760071B62B /* Debug */ = {
			isa = XCBuildConfiguration;
			baseConfigurationReference = 47A7EE752D277ACE002DC198 /* Secrets-dev.xcconfig */;
			buildSettings = {
				ASSETCATALOG_COMPILER_APPICON_NAME = AppIcon;
				ASSETCATALOG_COMPILER_GLOBAL_ACCENT_COLOR_NAME = AccentColor;
				CODE_SIGN_ENTITLEMENTS = HongikYeolgong2/HongikYeolgong2.entitlements;
				CODE_SIGN_IDENTITY = "Apple Development";
				"CODE_SIGN_IDENTITY[sdk=iphoneos*]" = "iPhone Developer";
				CODE_SIGN_STYLE = Manual;
				CURRENT_PROJECT_VERSION = 1;
				DEVELOPMENT_ASSET_PATHS = "\"HongikYeolgong2/Resources/Preview Content\"";
				DEVELOPMENT_TEAM = "";
				"DEVELOPMENT_TEAM[sdk=iphoneos*]" = P4D4ZQC4YF;
				ENABLE_PREVIEWS = YES;
				ENABLE_USER_SCRIPT_SANDBOXING = NO;
				GENERATE_INFOPLIST_FILE = YES;
				INFOPLIST_FILE = HongikYeolgong2/Info.plist;
				INFOPLIST_KEY_CFBundleDisplayName = "홍익열공이";
				INFOPLIST_KEY_LSApplicationCategoryType = "public.app-category.education";
				INFOPLIST_KEY_UIApplicationSceneManifest_Generation = YES;
				INFOPLIST_KEY_UIApplicationSupportsIndirectInputEvents = YES;
				INFOPLIST_KEY_UILaunchScreen_Generation = YES;
				INFOPLIST_KEY_UILaunchStoryboardName = "Launch Screen.storyboard";
				INFOPLIST_KEY_UISupportedInterfaceOrientations = UIInterfaceOrientationPortrait;
				INFOPLIST_KEY_UISupportedInterfaceOrientations_iPad = "UIInterfaceOrientationLandscapeLeft UIInterfaceOrientationLandscapeRight UIInterfaceOrientationPortrait UIInterfaceOrientationPortraitUpsideDown";
				INFOPLIST_KEY_UIUserInterfaceStyle = Dark;
				IPHONEOS_DEPLOYMENT_TARGET = 16.0;
				LD_RUNPATH_SEARCH_PATHS = (
					"$(inherited)",
					"@executable_path/Frameworks",
				);
				MARKETING_VERSION = 1.1.4;
				PRODUCT_BUNDLE_IDENTIFIER = com.teamHY2.HongikYeolgong2;
				PRODUCT_NAME = "$(TARGET_NAME)";
				PROVISIONING_PROFILE_SPECIFIER = "";
				"PROVISIONING_PROFILE_SPECIFIER[sdk=iphoneos*]" = "match Development com.teamHY2.HongikYeolgong2 1731137565";
				SUPPORTED_PLATFORMS = "iphoneos iphonesimulator";
				SUPPORTS_MACCATALYST = NO;
				SUPPORTS_MAC_DESIGNED_FOR_IPHONE_IPAD = NO;
				SUPPORTS_XR_DESIGNED_FOR_IPHONE_IPAD = NO;
				SWIFT_EMIT_LOC_STRINGS = YES;
				SWIFT_VERSION = 5.0;
				TARGETED_DEVICE_FAMILY = 1;
			};
			name = Debug;
		};
		47B1D4CE2C9CB1760071B62B /* Release */ = {
			isa = XCBuildConfiguration;
			buildSettings = {
				ASSETCATALOG_COMPILER_APPICON_NAME = AppIcon;
				ASSETCATALOG_COMPILER_GLOBAL_ACCENT_COLOR_NAME = AccentColor;
				CODE_SIGN_ENTITLEMENTS = HongikYeolgong2/HongikYeolgong2.entitlements;
				CODE_SIGN_IDENTITY = "Apple Development";
				"CODE_SIGN_IDENTITY[sdk=iphoneos*]" = "iPhone Developer";
				CODE_SIGN_STYLE = Manual;
				CURRENT_PROJECT_VERSION = 1;
				DEVELOPMENT_ASSET_PATHS = "\"HongikYeolgong2/Resources/Preview Content\"";
				DEVELOPMENT_TEAM = "";
				"DEVELOPMENT_TEAM[sdk=iphoneos*]" = P4D4ZQC4YF;
				ENABLE_PREVIEWS = YES;
				ENABLE_USER_SCRIPT_SANDBOXING = NO;
				GENERATE_INFOPLIST_FILE = YES;
				INFOPLIST_FILE = HongikYeolgong2/Info.plist;
				INFOPLIST_KEY_CFBundleDisplayName = "홍익열공이";
				INFOPLIST_KEY_LSApplicationCategoryType = "public.app-category.education";
				INFOPLIST_KEY_UIApplicationSceneManifest_Generation = YES;
				INFOPLIST_KEY_UIApplicationSupportsIndirectInputEvents = YES;
				INFOPLIST_KEY_UILaunchScreen_Generation = YES;
				INFOPLIST_KEY_UILaunchStoryboardName = "Launch Screen.storyboard";
				INFOPLIST_KEY_UISupportedInterfaceOrientations = UIInterfaceOrientationPortrait;
				INFOPLIST_KEY_UISupportedInterfaceOrientations_iPad = "UIInterfaceOrientationLandscapeLeft UIInterfaceOrientationLandscapeRight UIInterfaceOrientationPortrait UIInterfaceOrientationPortraitUpsideDown";
				INFOPLIST_KEY_UIUserInterfaceStyle = Dark;
				IPHONEOS_DEPLOYMENT_TARGET = 16.0;
				LD_RUNPATH_SEARCH_PATHS = (
					"$(inherited)",
					"@executable_path/Frameworks",
				);
				MARKETING_VERSION = 1.1.4;
				PRODUCT_BUNDLE_IDENTIFIER = com.teamHY2.HongikYeolgong2;
				PRODUCT_NAME = "$(TARGET_NAME)";
				PROVISIONING_PROFILE_SPECIFIER = "";
				"PROVISIONING_PROFILE_SPECIFIER[sdk=iphoneos*]" = "match Development com.teamHY2.HongikYeolgong2 1731137565";
				SUPPORTED_PLATFORMS = "iphoneos iphonesimulator";
				SUPPORTS_MACCATALYST = NO;
				SUPPORTS_MAC_DESIGNED_FOR_IPHONE_IPAD = NO;
				SUPPORTS_XR_DESIGNED_FOR_IPHONE_IPAD = NO;
				SWIFT_EMIT_LOC_STRINGS = YES;
				SWIFT_VERSION = 5.0;
				TARGETED_DEVICE_FAMILY = 1;
			};
			name = Release;
		};
		47B1D4D02C9CB1760071B62B /* Debug */ = {
			isa = XCBuildConfiguration;
			buildSettings = {
				BUNDLE_LOADER = "$(TEST_HOST)";
				CODE_SIGN_IDENTITY = "Apple Development";
				"CODE_SIGN_IDENTITY[sdk=iphoneos*]" = "iPhone Developer";
				CODE_SIGN_STYLE = Manual;
				CURRENT_PROJECT_VERSION = 16;
				DEVELOPMENT_TEAM = "";
				"DEVELOPMENT_TEAM[sdk=iphoneos*]" = P4D4ZQC4YF;
				GENERATE_INFOPLIST_FILE = YES;
				IPHONEOS_DEPLOYMENT_TARGET = 17.5;
				MARKETING_VERSION = 1.0;
				PRODUCT_BUNDLE_IDENTIFIER = com.teamHY2.HongikYeolgong2Test;
				PRODUCT_NAME = "$(TARGET_NAME)";
				PROVISIONING_PROFILE_SPECIFIER = "";
				"PROVISIONING_PROFILE_SPECIFIER[sdk=iphoneos*]" = "match Development com.teamHY2.HongikYeolgong2Test";
				SWIFT_EMIT_LOC_STRINGS = NO;
				SWIFT_VERSION = 5.0;
				TARGETED_DEVICE_FAMILY = "1,2";
				TEST_HOST = "$(BUILT_PRODUCTS_DIR)/HongikYeolgong2.app/$(BUNDLE_EXECUTABLE_FOLDER_PATH)/HongikYeolgong2";
			};
			name = Debug;
		};
		47B1D4D12C9CB1760071B62B /* Release */ = {
			isa = XCBuildConfiguration;
			buildSettings = {
				BUNDLE_LOADER = "$(TEST_HOST)";
				CODE_SIGN_IDENTITY = "Apple Development";
				"CODE_SIGN_IDENTITY[sdk=iphoneos*]" = "iPhone Developer";
				CODE_SIGN_STYLE = Manual;
				CURRENT_PROJECT_VERSION = 16;
				DEVELOPMENT_TEAM = "";
				"DEVELOPMENT_TEAM[sdk=iphoneos*]" = P4D4ZQC4YF;
				GENERATE_INFOPLIST_FILE = YES;
				IPHONEOS_DEPLOYMENT_TARGET = 17.5;
				MARKETING_VERSION = 1.0;
				PRODUCT_BUNDLE_IDENTIFIER = com.teamHY2.HongikYeolgong2Test;
				PRODUCT_NAME = "$(TARGET_NAME)";
				PROVISIONING_PROFILE_SPECIFIER = "";
				"PROVISIONING_PROFILE_SPECIFIER[sdk=iphoneos*]" = "match Development com.teamHY2.HongikYeolgong2Test";
				SWIFT_EMIT_LOC_STRINGS = NO;
				SWIFT_VERSION = 5.0;
				TARGETED_DEVICE_FAMILY = "1,2";
				TEST_HOST = "$(BUILT_PRODUCTS_DIR)/HongikYeolgong2.app/$(BUNDLE_EXECUTABLE_FOLDER_PATH)/HongikYeolgong2";
			};
			name = Release;
		};
		47B1D4D32C9CB1760071B62B /* Debug */ = {
			isa = XCBuildConfiguration;
			buildSettings = {
				CODE_SIGN_IDENTITY = "Apple Development";
				CODE_SIGN_STYLE = Automatic;
				CURRENT_PROJECT_VERSION = 16;
				DEVELOPMENT_TEAM = 4N3558QY8F;
				GENERATE_INFOPLIST_FILE = YES;
				MARKETING_VERSION = 1.0;
				PRODUCT_BUNDLE_IDENTIFIER = com.teamHY2.HongikYeolgong2UITest;
				PRODUCT_NAME = "$(TARGET_NAME)";
				PROVISIONING_PROFILE_SPECIFIER = "";
				SWIFT_EMIT_LOC_STRINGS = NO;
				SWIFT_VERSION = 5.0;
				TARGETED_DEVICE_FAMILY = "1,2";
				TEST_TARGET_NAME = HongikYeolgong2;
			};
			name = Debug;
		};
		47B1D4D42C9CB1760071B62B /* Release */ = {
			isa = XCBuildConfiguration;
			buildSettings = {
				CODE_SIGN_IDENTITY = "Apple Development";
				CODE_SIGN_STYLE = Automatic;
				CURRENT_PROJECT_VERSION = 16;
				DEVELOPMENT_TEAM = 4N3558QY8F;
				GENERATE_INFOPLIST_FILE = YES;
				MARKETING_VERSION = 1.0;
				PRODUCT_BUNDLE_IDENTIFIER = com.teamHY2.HongikYeolgong2UITest;
				PRODUCT_NAME = "$(TARGET_NAME)";
				PROVISIONING_PROFILE_SPECIFIER = "";
				SWIFT_EMIT_LOC_STRINGS = NO;
				SWIFT_VERSION = 5.0;
				TARGETED_DEVICE_FAMILY = "1,2";
				TEST_TARGET_NAME = HongikYeolgong2;
			};
			name = Release;
		};
/* End XCBuildConfiguration section */

/* Begin XCConfigurationList section */
		47B1D4A32C9CB1740071B62B /* Build configuration list for PBXProject "HongikYeolgong2" */ = {
			isa = XCConfigurationList;
			buildConfigurations = (
				47B1D4CA2C9CB1760071B62B /* Debug */,
				47B1D4CB2C9CB1760071B62B /* Release */,
			);
			defaultConfigurationIsVisible = 0;
			defaultConfigurationName = Release;
		};
		47B1D4CC2C9CB1760071B62B /* Build configuration list for PBXNativeTarget "HongikYeolgong2" */ = {
			isa = XCConfigurationList;
			buildConfigurations = (
				47B1D4CD2C9CB1760071B62B /* Debug */,
				47B1D4CE2C9CB1760071B62B /* Release */,
			);
			defaultConfigurationIsVisible = 0;
			defaultConfigurationName = Release;
		};
		47B1D4CF2C9CB1760071B62B /* Build configuration list for PBXNativeTarget "HongikYeolgong2Tests" */ = {
			isa = XCConfigurationList;
			buildConfigurations = (
				47B1D4D02C9CB1760071B62B /* Debug */,
				47B1D4D12C9CB1760071B62B /* Release */,
			);
			defaultConfigurationIsVisible = 0;
			defaultConfigurationName = Release;
		};
		47B1D4D22C9CB1760071B62B /* Build configuration list for PBXNativeTarget "HongikYeolgong2UITests" */ = {
			isa = XCConfigurationList;
			buildConfigurations = (
				47B1D4D32C9CB1760071B62B /* Debug */,
				47B1D4D42C9CB1760071B62B /* Release */,
			);
			defaultConfigurationIsVisible = 0;
			defaultConfigurationName = Release;
		};
/* End XCConfigurationList section */

/* Begin XCRemoteSwiftPackageReference section */
		47581ECE2CF01EB200A2EA31 /* XCRemoteSwiftPackageReference "Amplitude-Swift" */ = {
			isa = XCRemoteSwiftPackageReference;
			repositoryURL = "https://github.com/amplitude/Amplitude-Swift";
			requirement = {
				branch = main;
				kind = branch;
			};
		};
		476F43592D185331003DBFA9 /* XCRemoteSwiftPackageReference "swift-composable-architecture" */ = {
			isa = XCRemoteSwiftPackageReference;
			repositoryURL = "https://github.com/pointfreeco/swift-composable-architecture";
			requirement = {
				kind = upToNextMajorVersion;
				minimumVersion = 1.17.0;
			};
		};
		47F23A512D353F9800F424B8 /* XCRemoteSwiftPackageReference "Alamofire" */ = {
			isa = XCRemoteSwiftPackageReference;
			repositoryURL = "https://github.com/Alamofire/Alamofire";
			requirement = {
				kind = upToNextMajorVersion;
				minimumVersion = 5.10.2;
			};
		};
		47F71B4F2CDC68BC0044DEC5 /* XCRemoteSwiftPackageReference "firebase-ios-sdk" */ = {
			isa = XCRemoteSwiftPackageReference;
			repositoryURL = "https://github.com/firebase/firebase-ios-sdk.git";
			requirement = {
				kind = upToNextMajorVersion;
				minimumVersion = 11.4.0;
			};
		};
/* End XCRemoteSwiftPackageReference section */

/* Begin XCSwiftPackageProductDependency section */
		470C7B3F2CF456E500C46690 /* FirebaseRemoteConfig */ = {
			isa = XCSwiftPackageProductDependency;
			package = 47F71B4F2CDC68BC0044DEC5 /* XCRemoteSwiftPackageReference "firebase-ios-sdk" */;
			productName = FirebaseRemoteConfig;
		};
		47581ECF2CF01EB200A2EA31 /* AmplitudeSwift */ = {
			isa = XCSwiftPackageProductDependency;
			package = 47581ECE2CF01EB200A2EA31 /* XCRemoteSwiftPackageReference "Amplitude-Swift" */;
			productName = AmplitudeSwift;
		};
		476F435A2D185331003DBFA9 /* ComposableArchitecture */ = {
			isa = XCSwiftPackageProductDependency;
			package = 476F43592D185331003DBFA9 /* XCRemoteSwiftPackageReference "swift-composable-architecture" */;
			productName = ComposableArchitecture;
		};
		47F23A522D353F9800F424B8 /* Alamofire */ = {
			isa = XCSwiftPackageProductDependency;
			package = 47F23A512D353F9800F424B8 /* XCRemoteSwiftPackageReference "Alamofire" */;
			productName = Alamofire;
		};
		47F71B502CDC68BC0044DEC5 /* FirebaseAuth */ = {
			isa = XCSwiftPackageProductDependency;
			package = 47F71B4F2CDC68BC0044DEC5 /* XCRemoteSwiftPackageReference "firebase-ios-sdk" */;
			productName = FirebaseAuth;
		};
		47F71B522CDC68BC0044DEC5 /* FirebaseAuthCombine-Community */ = {
			isa = XCSwiftPackageProductDependency;
			package = 47F71B4F2CDC68BC0044DEC5 /* XCRemoteSwiftPackageReference "firebase-ios-sdk" */;
			productName = "FirebaseAuthCombine-Community";
		};
		47F71B542CDC68BC0044DEC5 /* FirebaseCore */ = {
			isa = XCSwiftPackageProductDependency;
			package = 47F71B4F2CDC68BC0044DEC5 /* XCRemoteSwiftPackageReference "firebase-ios-sdk" */;
			productName = FirebaseCore;
		};
		47F71B562CDC68BC0044DEC5 /* FirebaseFirestore */ = {
			isa = XCSwiftPackageProductDependency;
			package = 47F71B4F2CDC68BC0044DEC5 /* XCRemoteSwiftPackageReference "firebase-ios-sdk" */;
			productName = FirebaseFirestore;
		};
		47F71B582CDC68BC0044DEC5 /* FirebaseFirestoreCombine-Community */ = {
			isa = XCSwiftPackageProductDependency;
			package = 47F71B4F2CDC68BC0044DEC5 /* XCRemoteSwiftPackageReference "firebase-ios-sdk" */;
			productName = "FirebaseFirestoreCombine-Community";
		};
		47F71B5E2CDC813A0044DEC5 /* FirebaseDatabase */ = {
			isa = XCSwiftPackageProductDependency;
			package = 47F71B4F2CDC68BC0044DEC5 /* XCRemoteSwiftPackageReference "firebase-ios-sdk" */;
			productName = FirebaseDatabase;
		};
		47F71B602CDC813A0044DEC5 /* FirebaseFunctions */ = {
			isa = XCSwiftPackageProductDependency;
			package = 47F71B4F2CDC68BC0044DEC5 /* XCRemoteSwiftPackageReference "firebase-ios-sdk" */;
			productName = FirebaseFunctions;
		};
		47F71B622CDC813A0044DEC5 /* FirebaseFunctionsCombine-Community */ = {
			isa = XCSwiftPackageProductDependency;
			package = 47F71B4F2CDC68BC0044DEC5 /* XCRemoteSwiftPackageReference "firebase-ios-sdk" */;
			productName = "FirebaseFunctionsCombine-Community";
		};
/* End XCSwiftPackageProductDependency section */
	};
	rootObject = 47B1D4A02C9CB1740071B62B /* Project object */;
}
