// !$*UTF8*$!
{
	archiveVersion = 1;
	classes = {
	};
	objectVersion = 56;
	objects = {

/* Begin PBXBuildFile section */
		476A698E2D379E6500B9016A /* AppDelegate.swift in Sources */ = {isa = PBXBuildFile; fileRef = 476A698D2D379E6500B9016A /* AppDelegate.swift */; };
		476A69902D379E6500B9016A /* SceneDelegate.swift in Sources */ = {isa = PBXBuildFile; fileRef = 476A698F2D379E6500B9016A /* SceneDelegate.swift */; };
		476A69922D379E6500B9016A /* ViewController.swift in Sources */ = {isa = PBXBuildFile; fileRef = 476A69912D379E6500B9016A /* ViewController.swift */; };
		476A69952D379E6500B9016A /* Base in Resources */ = {isa = PBXBuildFile; fileRef = 476A69942D379E6500B9016A /* Base */; };
		476A69972D379E6700B9016A /* Assets.xcassets in Resources */ = {isa = PBXBuildFile; fileRef = 476A69962D379E6700B9016A /* Assets.xcassets */; };
		476A699A2D379E6700B9016A /* Base in Resources */ = {isa = PBXBuildFile; fileRef = 476A69992D379E6700B9016A /* Base */; };
		476A69A52D379E6800B9016A /* HongikYeolgong2Tests.swift in Sources */ = {isa = PBXBuildFile; fileRef = 476A69A42D379E6800B9016A /* HongikYeolgong2Tests.swift */; };
		476A69AF2D379E6800B9016A /* HongikYeolgong2UITests.swift in Sources */ = {isa = PBXBuildFile; fileRef = 476A69AE2D379E6800B9016A /* HongikYeolgong2UITests.swift */; };
		476A69B12D379E6800B9016A /* HongikYeolgong2UITestsLaunchTests.swift in Sources */ = {isa = PBXBuildFile; fileRef = 476A69B02D379E6800B9016A /* HongikYeolgong2UITestsLaunchTests.swift */; };
/* End PBXBuildFile section */

/* Begin PBXContainerItemProxy section */
		476A69A12D379E6800B9016A /* PBXContainerItemProxy */ = {
			isa = PBXContainerItemProxy;
			containerPortal = 476A69822D379E6500B9016A /* Project object */;
			proxyType = 1;
			remoteGlobalIDString = 476A69892D379E6500B9016A;
			remoteInfo = HongikYeolgong2;
		};
		476A69AB2D379E6800B9016A /* PBXContainerItemProxy */ = {
			isa = PBXContainerItemProxy;
			containerPortal = 476A69822D379E6500B9016A /* Project object */;
			proxyType = 1;
			remoteGlobalIDString = 476A69892D379E6500B9016A;
			remoteInfo = HongikYeolgong2;
		};
/* End PBXContainerItemProxy section */

/* Begin PBXFileReference section */
		476A698A2D379E6500B9016A /* HongikYeolgong2.app */ = {isa = PBXFileReference; explicitFileType = wrapper.application; includeInIndex = 0; path = HongikYeolgong2.app; sourceTree = BUILT_PRODUCTS_DIR; };
		476A698D2D379E6500B9016A /* AppDelegate.swift */ = {isa = PBXFileReference; lastKnownFileType = sourcecode.swift; path = AppDelegate.swift; sourceTree = "<group>"; };
		476A698F2D379E6500B9016A /* SceneDelegate.swift */ = {isa = PBXFileReference; lastKnownFileType = sourcecode.swift; path = SceneDelegate.swift; sourceTree = "<group>"; };
		476A69912D379E6500B9016A /* ViewController.swift */ = {isa = PBXFileReference; lastKnownFileType = sourcecode.swift; path = ViewController.swift; sourceTree = "<group>"; };
		476A69942D379E6500B9016A /* Base */ = {isa = PBXFileReference; lastKnownFileType = file.storyboard; name = Base; path = Base.lproj/Main.storyboard; sourceTree = "<group>"; };
		476A69962D379E6700B9016A /* Assets.xcassets */ = {isa = PBXFileReference; lastKnownFileType = folder.assetcatalog; path = Assets.xcassets; sourceTree = "<group>"; };
		476A69992D379E6700B9016A /* Base */ = {isa = PBXFileReference; lastKnownFileType = file.storyboard; name = Base; path = Base.lproj/LaunchScreen.storyboard; sourceTree = "<group>"; };
		476A699B2D379E6700B9016A /* Info.plist */ = {isa = PBXFileReference; lastKnownFileType = text.plist.xml; path = Info.plist; sourceTree = "<group>"; };
		476A69A02D379E6800B9016A /* HongikYeolgong2Tests.xctest */ = {isa = PBXFileReference; explicitFileType = wrapper.cfbundle; includeInIndex = 0; path = HongikYeolgong2Tests.xctest; sourceTree = BUILT_PRODUCTS_DIR; };
		476A69A42D379E6800B9016A /* HongikYeolgong2Tests.swift */ = {isa = PBXFileReference; lastKnownFileType = sourcecode.swift; path = HongikYeolgong2Tests.swift; sourceTree = "<group>"; };
		476A69AA2D379E6800B9016A /* HongikYeolgong2UITests.xctest */ = {isa = PBXFileReference; explicitFileType = wrapper.cfbundle; includeInIndex = 0; path = HongikYeolgong2UITests.xctest; sourceTree = BUILT_PRODUCTS_DIR; };
		476A69AE2D379E6800B9016A /* HongikYeolgong2UITests.swift */ = {isa = PBXFileReference; lastKnownFileType = sourcecode.swift; path = HongikYeolgong2UITests.swift; sourceTree = "<group>"; };
		476A69B02D379E6800B9016A /* HongikYeolgong2UITestsLaunchTests.swift */ = {isa = PBXFileReference; lastKnownFileType = sourcecode.swift; path = HongikYeolgong2UITestsLaunchTests.swift; sourceTree = "<group>"; };
/* End PBXFileReference section */

/* Begin PBXFrameworksBuildPhase section */
		476A69872D379E6500B9016A /* Frameworks */ = {
			isa = PBXFrameworksBuildPhase;
			buildActionMask = 2147483647;
			files = (
			);
			runOnlyForDeploymentPostprocessing = 0;
		};
		476A699D2D379E6800B9016A /* Frameworks */ = {
			isa = PBXFrameworksBuildPhase;
			buildActionMask = 2147483647;
			files = (
			);
			runOnlyForDeploymentPostprocessing = 0;
		};
		476A69A72D379E6800B9016A /* Frameworks */ = {
			isa = PBXFrameworksBuildPhase;
			buildActionMask = 2147483647;
			files = (
			);
			runOnlyForDeploymentPostprocessing = 0;
		};
/* End PBXFrameworksBuildPhase section */

/* Begin PBXGroup section */
		476A69812D379E6500B9016A = {
			isa = PBXGroup;
			children = (
				476A698C2D379E6500B9016A /* HongikYeolgong2 */,
				476A69A32D379E6800B9016A /* HongikYeolgong2Tests */,
				476A69AD2D379E6800B9016A /* HongikYeolgong2UITests */,
				476A698B2D379E6500B9016A /* Products */,
			);
			sourceTree = "<group>";
		};
		476A698B2D379E6500B9016A /* Products */ = {
			isa = PBXGroup;
			children = (
				476A698A2D379E6500B9016A /* HongikYeolgong2.app */,
				476A69A02D379E6800B9016A /* HongikYeolgong2Tests.xctest */,
				476A69AA2D379E6800B9016A /* HongikYeolgong2UITests.xctest */,
			);
			name = Products;
			sourceTree = "<group>";
		};
		476A698C2D379E6500B9016A /* HongikYeolgong2 */ = {
			isa = PBXGroup;
			children = (
				476A698D2D379E6500B9016A /* AppDelegate.swift */,
				476A698F2D379E6500B9016A /* SceneDelegate.swift */,
				476A69912D379E6500B9016A /* ViewController.swift */,
				476A69932D379E6500B9016A /* Main.storyboard */,
				476A69962D379E6700B9016A /* Assets.xcassets */,
				476A69982D379E6700B9016A /* LaunchScreen.storyboard */,
				476A699B2D379E6700B9016A /* Info.plist */,
			);
			path = HongikYeolgong2;
			sourceTree = "<group>";
		};
		476A69A32D379E6800B9016A /* HongikYeolgong2Tests */ = {
			isa = PBXGroup;
			children = (
				476A69A42D379E6800B9016A /* HongikYeolgong2Tests.swift */,
			);
			path = HongikYeolgong2Tests;
			sourceTree = "<group>";
		};
		476A69AD2D379E6800B9016A /* HongikYeolgong2UITests */ = {
			isa = PBXGroup;
			children = (
				476A69AE2D379E6800B9016A /* HongikYeolgong2UITests.swift */,
				476A69B02D379E6800B9016A /* HongikYeolgong2UITestsLaunchTests.swift */,
			);
			path = HongikYeolgong2UITests;
			sourceTree = "<group>";
		};
/* End PBXGroup section */

/* Begin PBXNativeTarget section */
		476A69892D379E6500B9016A /* HongikYeolgong2 */ = {
			isa = PBXNativeTarget;
			buildConfigurationList = 476A69B42D379E6800B9016A /* Build configuration list for PBXNativeTarget "HongikYeolgong2" */;
			buildPhases = (
				476A69862D379E6500B9016A /* Sources */,
				476A69872D379E6500B9016A /* Frameworks */,
				476A69882D379E6500B9016A /* Resources */,
			);
			buildRules = (
			);
			dependencies = (
			);
			name = HongikYeolgong2;
			productName = HongikYeolgong2;
			productReference = 476A698A2D379E6500B9016A /* HongikYeolgong2.app */;
			productType = "com.apple.product-type.application";
		};
		476A699F2D379E6800B9016A /* HongikYeolgong2Tests */ = {
			isa = PBXNativeTarget;
			buildConfigurationList = 476A69B72D379E6800B9016A /* Build configuration list for PBXNativeTarget "HongikYeolgong2Tests" */;
			buildPhases = (
				476A699C2D379E6800B9016A /* Sources */,
				476A699D2D379E6800B9016A /* Frameworks */,
				476A699E2D379E6800B9016A /* Resources */,
			);
			buildRules = (
			);
			dependencies = (
				476A69A22D379E6800B9016A /* PBXTargetDependency */,
			);
			name = HongikYeolgong2Tests;
			productName = HongikYeolgong2Tests;
			productReference = 476A69A02D379E6800B9016A /* HongikYeolgong2Tests.xctest */;
			productType = "com.apple.product-type.bundle.unit-test";
		};
		476A69A92D379E6800B9016A /* HongikYeolgong2UITests */ = {
			isa = PBXNativeTarget;
			buildConfigurationList = 476A69BA2D379E6800B9016A /* Build configuration list for PBXNativeTarget "HongikYeolgong2UITests" */;
			buildPhases = (
				476A69A62D379E6800B9016A /* Sources */,
				476A69A72D379E6800B9016A /* Frameworks */,
				476A69A82D379E6800B9016A /* Resources */,
			);
			buildRules = (
			);
			dependencies = (
				476A69AC2D379E6800B9016A /* PBXTargetDependency */,
			);
			name = HongikYeolgong2UITests;
			productName = HongikYeolgong2UITests;
			productReference = 476A69AA2D379E6800B9016A /* HongikYeolgong2UITests.xctest */;
			productType = "com.apple.product-type.bundle.ui-testing";
		};
/* End PBXNativeTarget section */

/* Begin PBXProject section */
		476A69822D379E6500B9016A /* Project object */ = {
			isa = PBXProject;
			attributes = {
				BuildIndependentTargetsInParallel = 1;
				LastSwiftUpdateCheck = 1540;
				LastUpgradeCheck = 1540;
				TargetAttributes = {
					476A69892D379E6500B9016A = {
						CreatedOnToolsVersion = 15.4;
					};
					476A699F2D379E6800B9016A = {
						CreatedOnToolsVersion = 15.4;
						TestTargetID = 476A69892D379E6500B9016A;
					};
					476A69A92D379E6800B9016A = {
						CreatedOnToolsVersion = 15.4;
						TestTargetID = 476A69892D379E6500B9016A;
					};
				};
			};
			buildConfigurationList = 476A69852D379E6500B9016A /* Build configuration list for PBXProject "HongikYeolgong2" */;
			compatibilityVersion = "Xcode 14.0";
			developmentRegion = en;
			hasScannedForEncodings = 0;
			knownRegions = (
				en,
				Base,
			);
			mainGroup = 476A69812D379E6500B9016A;
			productRefGroup = 476A698B2D379E6500B9016A /* Products */;
			projectDirPath = "";
			projectRoot = "";
			targets = (
				476A69892D379E6500B9016A /* HongikYeolgong2 */,
				476A699F2D379E6800B9016A /* HongikYeolgong2Tests */,
				476A69A92D379E6800B9016A /* HongikYeolgong2UITests */,
			);
		};
/* End PBXProject section */

/* Begin PBXResourcesBuildPhase section */
		476A69882D379E6500B9016A /* Resources */ = {
			isa = PBXResourcesBuildPhase;
			buildActionMask = 2147483647;
			files = (
				476A69972D379E6700B9016A /* Assets.xcassets in Resources */,
				476A699A2D379E6700B9016A /* Base in Resources */,
				476A69952D379E6500B9016A /* Base in Resources */,
			);
			runOnlyForDeploymentPostprocessing = 0;
		};
		476A699E2D379E6800B9016A /* Resources */ = {
			isa = PBXResourcesBuildPhase;
			buildActionMask = 2147483647;
			files = (
			);
			runOnlyForDeploymentPostprocessing = 0;
		};
		476A69A82D379E6800B9016A /* Resources */ = {
			isa = PBXResourcesBuildPhase;
			buildActionMask = 2147483647;
			files = (
			);
			runOnlyForDeploymentPostprocessing = 0;
		};
/* End PBXResourcesBuildPhase section */

/* Begin PBXSourcesBuildPhase section */
		476A69862D379E6500B9016A /* Sources */ = {
			isa = PBXSourcesBuildPhase;
			buildActionMask = 2147483647;
			files = (
				476A69922D379E6500B9016A /* ViewController.swift in Sources */,
				476A698E2D379E6500B9016A /* AppDelegate.swift in Sources */,
				476A69902D379E6500B9016A /* SceneDelegate.swift in Sources */,
			);
			runOnlyForDeploymentPostprocessing = 0;
		};
		476A699C2D379E6800B9016A /* Sources */ = {
			isa = PBXSourcesBuildPhase;
			buildActionMask = 2147483647;
			files = (
				476A69A52D379E6800B9016A /* HongikYeolgong2Tests.swift in Sources */,
			);
			runOnlyForDeploymentPostprocessing = 0;
		};
		476A69A62D379E6800B9016A /* Sources */ = {
			isa = PBXSourcesBuildPhase;
			buildActionMask = 2147483647;
			files = (
				476A69AF2D379E6800B9016A /* HongikYeolgong2UITests.swift in Sources */,
				476A69B12D379E6800B9016A /* HongikYeolgong2UITestsLaunchTests.swift in Sources */,
			);
			runOnlyForDeploymentPostprocessing = 0;
		};
/* End PBXSourcesBuildPhase section */

/* Begin PBXTargetDependency section */
		476A69A22D379E6800B9016A /* PBXTargetDependency */ = {
			isa = PBXTargetDependency;
			target = 476A69892D379E6500B9016A /* HongikYeolgong2 */;
			targetProxy = 476A69A12D379E6800B9016A /* PBXContainerItemProxy */;
		};
		476A69AC2D379E6800B9016A /* PBXTargetDependency */ = {
			isa = PBXTargetDependency;
			target = 476A69892D379E6500B9016A /* HongikYeolgong2 */;
			targetProxy = 476A69AB2D379E6800B9016A /* PBXContainerItemProxy */;
		};
/* End PBXTargetDependency section */

/* Begin PBXVariantGroup section */
		476A69932D379E6500B9016A /* Main.storyboard */ = {
			isa = PBXVariantGroup;
			children = (
				476A69942D379E6500B9016A /* Base */,
			);
			name = Main.storyboard;
			sourceTree = "<group>";
		};
		476A69982D379E6700B9016A /* LaunchScreen.storyboard */ = {
			isa = PBXVariantGroup;
			children = (
				476A69992D379E6700B9016A /* Base */,
			);
			name = LaunchScreen.storyboard;
			sourceTree = "<group>";
		};
/* End PBXVariantGroup section */

/* Begin XCBuildConfiguration section */
		476A69B22D379E6800B9016A /* Debug */ = {
			isa = XCBuildConfiguration;
			buildSettings = {
				ALWAYS_SEARCH_USER_PATHS = NO;
				ASSETCATALOG_COMPILER_GENERATE_SWIFT_ASSET_SYMBOL_EXTENSIONS = YES;
				CLANG_ANALYZER_NONNULL = YES;
				CLANG_ANALYZER_NUMBER_OBJECT_CONVERSION = YES_AGGRESSIVE;
				CLANG_CXX_LANGUAGE_STANDARD = "gnu++20";
				CLANG_ENABLE_MODULES = YES;
				CLANG_ENABLE_OBJC_ARC = YES;
				CLANG_ENABLE_OBJC_WEAK = YES;
				CLANG_WARN_BLOCK_CAPTURE_AUTORELEASING = YES;
				CLANG_WARN_BOOL_CONVERSION = YES;
				CLANG_WARN_COMMA = YES;
				CLANG_WARN_CONSTANT_CONVERSION = YES;
				CLANG_WARN_DEPRECATED_OBJC_IMPLEMENTATIONS = YES;
				CLANG_WARN_DIRECT_OBJC_ISA_USAGE = YES_ERROR;
				CLANG_WARN_DOCUMENTATION_COMMENTS = YES;
				CLANG_WARN_EMPTY_BODY = YES;
				CLANG_WARN_ENUM_CONVERSION = YES;
				CLANG_WARN_INFINITE_RECURSION = YES;
				CLANG_WARN_INT_CONVERSION = YES;
				CLANG_WARN_NON_LITERAL_NULL_CONVERSION = YES;
				CLANG_WARN_OBJC_IMPLICIT_RETAIN_SELF = YES;
				CLANG_WARN_OBJC_LITERAL_CONVERSION = YES;
				CLANG_WARN_OBJC_ROOT_CLASS = YES_ERROR;
				CLANG_WARN_QUOTED_INCLUDE_IN_FRAMEWORK_HEADER = YES;
				CLANG_WARN_RANGE_LOOP_ANALYSIS = YES;
				CLANG_WARN_STRICT_PROTOTYPES = YES;
				CLANG_WARN_SUSPICIOUS_MOVE = YES;
				CLANG_WARN_UNGUARDED_AVAILABILITY = YES_AGGRESSIVE;
				CLANG_WARN_UNREACHABLE_CODE = YES;
				CLANG_WARN__DUPLICATE_METHOD_MATCH = YES;
				COPY_PHASE_STRIP = NO;
				DEBUG_INFORMATION_FORMAT = dwarf;
				ENABLE_STRICT_OBJC_MSGSEND = YES;
				ENABLE_TESTABILITY = YES;
				ENABLE_USER_SCRIPT_SANDBOXING = YES;
				GCC_C_LANGUAGE_STANDARD = gnu17;
				GCC_DYNAMIC_NO_PIC = NO;
				GCC_NO_COMMON_BLOCKS = YES;
				GCC_OPTIMIZATION_LEVEL = 0;
				GCC_PREPROCESSOR_DEFINITIONS = (
					"DEBUG=1",
					"$(inherited)",
				);
				GCC_WARN_64_TO_32_BIT_CONVERSION = YES;
				GCC_WARN_ABOUT_RETURN_TYPE = YES_ERROR;
				GCC_WARN_UNDECLARED_SELECTOR = YES;
				GCC_WARN_UNINITIALIZED_AUTOS = YES_AGGRESSIVE;
				GCC_WARN_UNUSED_FUNCTION = YES;
				GCC_WARN_UNUSED_VARIABLE = YES;
				IPHONEOS_DEPLOYMENT_TARGET = 17.5;
				LOCALIZATION_PREFERS_STRING_CATALOGS = YES;
				MTL_ENABLE_DEBUG_INFO = INCLUDE_SOURCE;
				MTL_FAST_MATH = YES;
				ONLY_ACTIVE_ARCH = YES;
				SDKROOT = iphoneos;
				SWIFT_ACTIVE_COMPILATION_CONDITIONS = "DEBUG $(inherited)";
				SWIFT_OPTIMIZATION_LEVEL = "-Onone";
			};
			name = Debug;
		};
		476A69B32D379E6800B9016A /* Release */ = {
			isa = XCBuildConfiguration;
			buildSettings = {
				ALWAYS_SEARCH_USER_PATHS = NO;
				ASSETCATALOG_COMPILER_GENERATE_SWIFT_ASSET_SYMBOL_EXTENSIONS = YES;
				CLANG_ANALYZER_NONNULL = YES;
				CLANG_ANALYZER_NUMBER_OBJECT_CONVERSION = YES_AGGRESSIVE;
				CLANG_CXX_LANGUAGE_STANDARD = "gnu++20";
				CLANG_ENABLE_MODULES = YES;
				CLANG_ENABLE_OBJC_ARC = YES;
				CLANG_ENABLE_OBJC_WEAK = YES;
				CLANG_WARN_BLOCK_CAPTURE_AUTORELEASING = YES;
				CLANG_WARN_BOOL_CONVERSION = YES;
				CLANG_WARN_COMMA = YES;
				CLANG_WARN_CONSTANT_CONVERSION = YES;
				CLANG_WARN_DEPRECATED_OBJC_IMPLEMENTATIONS = YES;
				CLANG_WARN_DIRECT_OBJC_ISA_USAGE = YES_ERROR;
				CLANG_WARN_DOCUMENTATION_COMMENTS = YES;
				CLANG_WARN_EMPTY_BODY = YES;
				CLANG_WARN_ENUM_CONVERSION = YES;
				CLANG_WARN_INFINITE_RECURSION = YES;
				CLANG_WARN_INT_CONVERSION = YES;
				CLANG_WARN_NON_LITERAL_NULL_CONVERSION = YES;
				CLANG_WARN_OBJC_IMPLICIT_RETAIN_SELF = YES;
				CLANG_WARN_OBJC_LITERAL_CONVERSION = YES;
				CLANG_WARN_OBJC_ROOT_CLASS = YES_ERROR;
				CLANG_WARN_QUOTED_INCLUDE_IN_FRAMEWORK_HEADER = YES;
				CLANG_WARN_RANGE_LOOP_ANALYSIS = YES;
				CLANG_WARN_STRICT_PROTOTYPES = YES;
				CLANG_WARN_SUSPICIOUS_MOVE = YES;
				CLANG_WARN_UNGUARDED_AVAILABILITY = YES_AGGRESSIVE;
				CLANG_WARN_UNREACHABLE_CODE = YES;
				CLANG_WARN__DUPLICATE_METHOD_MATCH = YES;
				COPY_PHASE_STRIP = NO;
				DEBUG_INFORMATION_FORMAT = "dwarf-with-dsym";
				ENABLE_NS_ASSERTIONS = NO;
				ENABLE_STRICT_OBJC_MSGSEND = YES;
				ENABLE_USER_SCRIPT_SANDBOXING = YES;
				GCC_C_LANGUAGE_STANDARD = gnu17;
				GCC_NO_COMMON_BLOCKS = YES;
				GCC_WARN_64_TO_32_BIT_CONVERSION = YES;
				GCC_WARN_ABOUT_RETURN_TYPE = YES_ERROR;
				GCC_WARN_UNDECLARED_SELECTOR = YES;
				GCC_WARN_UNINITIALIZED_AUTOS = YES_AGGRESSIVE;
				GCC_WARN_UNUSED_FUNCTION = YES;
				GCC_WARN_UNUSED_VARIABLE = YES;
				IPHONEOS_DEPLOYMENT_TARGET = 17.5;
				LOCALIZATION_PREFERS_STRING_CATALOGS = YES;
				MTL_ENABLE_DEBUG_INFO = NO;
				MTL_FAST_MATH = YES;
				SDKROOT = iphoneos;
				SWIFT_COMPILATION_MODE = wholemodule;
				VALIDATE_PRODUCT = YES;
			};
			name = Release;
		};
		476A69B52D379E6800B9016A /* Debug */ = {
			isa = XCBuildConfiguration;
			buildSettings = {
				ASSETCATALOG_COMPILER_APPICON_NAME = AppIcon;
				ASSETCATALOG_COMPILER_GLOBAL_ACCENT_COLOR_NAME = AccentColor;
				CODE_SIGN_STYLE = Automatic;
				CURRENT_PROJECT_VERSION = 1;
				DEVELOPMENT_TEAM = X58MVPBY9R;
				GENERATE_INFOPLIST_FILE = YES;
				INFOPLIST_FILE = HongikYeolgong2/Info.plist;
				INFOPLIST_KEY_UIApplicationSupportsIndirectInputEvents = YES;
				INFOPLIST_KEY_UILaunchStoryboardName = LaunchScreen;
				INFOPLIST_KEY_UIMainStoryboardFile = Main;
				INFOPLIST_KEY_UISupportedInterfaceOrientations_iPad = "UIInterfaceOrientationPortrait UIInterfaceOrientationPortraitUpsideDown UIInterfaceOrientationLandscapeLeft UIInterfaceOrientationLandscapeRight";
				INFOPLIST_KEY_UISupportedInterfaceOrientations_iPhone = "UIInterfaceOrientationPortrait UIInterfaceOrientationLandscapeLeft UIInterfaceOrientationLandscapeRight";
				LD_RUNPATH_SEARCH_PATHS = (
					"$(inherited)",
					"@executable_path/Frameworks",
				);
				MARKETING_VERSION = 1.0;
				PRODUCT_BUNDLE_IDENTIFIER = hy2.HongikYeolgong2;
				PRODUCT_NAME = "$(TARGET_NAME)";
				SWIFT_EMIT_LOC_STRINGS = YES;
				SWIFT_VERSION = 5.0;
				TARGETED_DEVICE_FAMILY = "1,2";
			};
			name = Debug;
		};
		476A69B62D379E6800B9016A /* Release */ = {
			isa = XCBuildConfiguration;
			buildSettings = {
				ASSETCATALOG_COMPILER_APPICON_NAME = AppIcon;
				ASSETCATALOG_COMPILER_GLOBAL_ACCENT_COLOR_NAME = AccentColor;
				CODE_SIGN_STYLE = Automatic;
				CURRENT_PROJECT_VERSION = 1;
				DEVELOPMENT_TEAM = X58MVPBY9R;
				GENERATE_INFOPLIST_FILE = YES;
				INFOPLIST_FILE = HongikYeolgong2/Info.plist;
				INFOPLIST_KEY_UIApplicationSupportsIndirectInputEvents = YES;
				INFOPLIST_KEY_UILaunchStoryboardName = LaunchScreen;
				INFOPLIST_KEY_UIMainStoryboardFile = Main;
				INFOPLIST_KEY_UISupportedInterfaceOrientations_iPad = "UIInterfaceOrientationPortrait UIInterfaceOrientationPortraitUpsideDown UIInterfaceOrientationLandscapeLeft UIInterfaceOrientationLandscapeRight";
				INFOPLIST_KEY_UISupportedInterfaceOrientations_iPhone = "UIInterfaceOrientationPortrait UIInterfaceOrientationLandscapeLeft UIInterfaceOrientationLandscapeRight";
				LD_RUNPATH_SEARCH_PATHS = (
					"$(inherited)",
					"@executable_path/Frameworks",
				);
				MARKETING_VERSION = 1.0;
				PRODUCT_BUNDLE_IDENTIFIER = hy2.HongikYeolgong2;
				PRODUCT_NAME = "$(TARGET_NAME)";
				SWIFT_EMIT_LOC_STRINGS = YES;
				SWIFT_VERSION = 5.0;
				TARGETED_DEVICE_FAMILY = "1,2";
			};
			name = Release;
		};
		476A69B82D379E6800B9016A /* Debug */ = {
			isa = XCBuildConfiguration;
			buildSettings = {
				ALWAYS_EMBED_SWIFT_STANDARD_LIBRARIES = YES;
				BUNDLE_LOADER = "$(TEST_HOST)";
				CODE_SIGN_STYLE = Automatic;
				CURRENT_PROJECT_VERSION = 1;
				DEVELOPMENT_TEAM = X58MVPBY9R;
				GENERATE_INFOPLIST_FILE = YES;
				IPHONEOS_DEPLOYMENT_TARGET = 17.5;
				MARKETING_VERSION = 1.0;
				PRODUCT_BUNDLE_IDENTIFIER = hy2.HongikYeolgong2Tests;
				PRODUCT_NAME = "$(TARGET_NAME)";
				SWIFT_EMIT_LOC_STRINGS = NO;
				SWIFT_VERSION = 5.0;
				TARGETED_DEVICE_FAMILY = "1,2";
				TEST_HOST = "$(BUILT_PRODUCTS_DIR)/HongikYeolgong2.app/$(BUNDLE_EXECUTABLE_FOLDER_PATH)/HongikYeolgong2";
			};
			name = Debug;
		};
		476A69B92D379E6800B9016A /* Release */ = {
			isa = XCBuildConfiguration;
			buildSettings = {
				ALWAYS_EMBED_SWIFT_STANDARD_LIBRARIES = YES;
				BUNDLE_LOADER = "$(TEST_HOST)";
				CODE_SIGN_STYLE = Automatic;
				CURRENT_PROJECT_VERSION = 1;
				DEVELOPMENT_TEAM = X58MVPBY9R;
				GENERATE_INFOPLIST_FILE = YES;
				IPHONEOS_DEPLOYMENT_TARGET = 17.5;
				MARKETING_VERSION = 1.0;
				PRODUCT_BUNDLE_IDENTIFIER = hy2.HongikYeolgong2Tests;
				PRODUCT_NAME = "$(TARGET_NAME)";
				SWIFT_EMIT_LOC_STRINGS = NO;
				SWIFT_VERSION = 5.0;
				TARGETED_DEVICE_FAMILY = "1,2";
				TEST_HOST = "$(BUILT_PRODUCTS_DIR)/HongikYeolgong2.app/$(BUNDLE_EXECUTABLE_FOLDER_PATH)/HongikYeolgong2";
			};
			name = Release;
		};
		476A69BB2D379E6800B9016A /* Debug */ = {
			isa = XCBuildConfiguration;
			buildSettings = {
				ALWAYS_EMBED_SWIFT_STANDARD_LIBRARIES = YES;
				CODE_SIGN_STYLE = Automatic;
				CURRENT_PROJECT_VERSION = 1;
				DEVELOPMENT_TEAM = X58MVPBY9R;
				GENERATE_INFOPLIST_FILE = YES;
				MARKETING_VERSION = 1.0;
				PRODUCT_BUNDLE_IDENTIFIER = hy2.HongikYeolgong2UITests;
				PRODUCT_NAME = "$(TARGET_NAME)";
				SWIFT_EMIT_LOC_STRINGS = NO;
				SWIFT_VERSION = 5.0;
				TARGETED_DEVICE_FAMILY = "1,2";
				TEST_TARGET_NAME = HongikYeolgong2;
			};
			name = Debug;
		};
		476A69BC2D379E6800B9016A /* Release */ = {
			isa = XCBuildConfiguration;
			buildSettings = {
				ALWAYS_EMBED_SWIFT_STANDARD_LIBRARIES = YES;
				CODE_SIGN_STYLE = Automatic;
				CURRENT_PROJECT_VERSION = 1;
				DEVELOPMENT_TEAM = X58MVPBY9R;
				GENERATE_INFOPLIST_FILE = YES;
				MARKETING_VERSION = 1.0;
				PRODUCT_BUNDLE_IDENTIFIER = hy2.HongikYeolgong2UITests;
				PRODUCT_NAME = "$(TARGET_NAME)";
				SWIFT_EMIT_LOC_STRINGS = NO;
				SWIFT_VERSION = 5.0;
				TARGETED_DEVICE_FAMILY = "1,2";
				TEST_TARGET_NAME = HongikYeolgong2;
			};
			name = Release;
		};
/* End XCBuildConfiguration section */

/* Begin XCConfigurationList section */
		476A69852D379E6500B9016A /* Build configuration list for PBXProject "HongikYeolgong2" */ = {
			isa = XCConfigurationList;
			buildConfigurations = (
				476A69B22D379E6800B9016A /* Debug */,
				476A69B32D379E6800B9016A /* Release */,
			);
			defaultConfigurationIsVisible = 0;
			defaultConfigurationName = Release;
		};
		476A69B42D379E6800B9016A /* Build configuration list for PBXNativeTarget "HongikYeolgong2" */ = {
			isa = XCConfigurationList;
			buildConfigurations = (
				476A69B52D379E6800B9016A /* Debug */,
				476A69B62D379E6800B9016A /* Release */,
			);
			defaultConfigurationIsVisible = 0;
			defaultConfigurationName = Release;
		};
		476A69B72D379E6800B9016A /* Build configuration list for PBXNativeTarget "HongikYeolgong2Tests" */ = {
			isa = XCConfigurationList;
			buildConfigurations = (
				476A69B82D379E6800B9016A /* Debug */,
				476A69B92D379E6800B9016A /* Release */,
			);
			defaultConfigurationIsVisible = 0;
			defaultConfigurationName = Release;
		};
		476A69BA2D379E6800B9016A /* Build configuration list for PBXNativeTarget "HongikYeolgong2UITests" */ = {
			isa = XCConfigurationList;
			buildConfigurations = (
				476A69BB2D379E6800B9016A /* Debug */,
				476A69BC2D379E6800B9016A /* Release */,
			);
			defaultConfigurationIsVisible = 0;
			defaultConfigurationName = Release;
		};
/* End XCConfigurationList section */
	};
	rootObject = 476A69822D379E6500B9016A /* Project object */;
}
