// !$*UTF8*$!
{
	archiveVersion = 1;
	classes = {
	};
	objectVersion = 56;
	objects = {

/* Begin PBXBuildFile section */
		476A698E2D379E6500B9016A /* AppDelegate.swift in Sources */ = {isa = PBXBuildFile; fileRef = 476A698D2D379E6500B9016A /* AppDelegate.swift */; };
		476A69902D379E6500B9016A /* SceneDelegate.swift in Sources */ = {isa = PBXBuildFile; fileRef = 476A698F2D379E6500B9016A /* SceneDelegate.swift */; };
		476A69922D379E6500B9016A /* MainViewController.swift in Sources */ = {isa = PBXBuildFile; fileRef = 476A69912D379E6500B9016A /* MainViewController.swift */; };
		476A69972D379E6700B9016A /* Assets.xcassets in Resources */ = {isa = PBXBuildFile; fileRef = 476A69962D379E6700B9016A /* Assets.xcassets */; };
		476A699A2D379E6700B9016A /* Base in Resources */ = {isa = PBXBuildFile; fileRef = 476A69992D379E6700B9016A /* Base */; };
		476A69A52D379E6800B9016A /* HongikYeolgong2Tests.swift in Sources */ = {isa = PBXBuildFile; fileRef = 476A69A42D379E6800B9016A /* HongikYeolgong2Tests.swift */; };
		476A69AF2D379E6800B9016A /* HongikYeolgong2UITests.swift in Sources */ = {isa = PBXBuildFile; fileRef = 476A69AE2D379E6800B9016A /* HongikYeolgong2UITests.swift */; };
		476A69B12D379E6800B9016A /* HongikYeolgong2UITestsLaunchTests.swift in Sources */ = {isa = PBXBuildFile; fileRef = 476A69B02D379E6800B9016A /* HongikYeolgong2UITestsLaunchTests.swift */; };
		98A8764E2D38D2A500AA1E6A /* FirebaseRemoteConfig in Frameworks */ = {isa = PBXBuildFile; productRef = 98A8764D2D38D2A500AA1E6A /* FirebaseRemoteConfig */; };
		98A876512D38D32B00AA1E6A /* Then in Frameworks */ = {isa = PBXBuildFile; productRef = 98A876502D38D32B00AA1E6A /* Then */; };
		98A876532D38D35800AA1E6A /* RxCocoa in Frameworks */ = {isa = PBXBuildFile; productRef = 98A876522D38D35800AA1E6A /* RxCocoa */; };
		98A876552D38D35800AA1E6A /* RxSwift in Frameworks */ = {isa = PBXBuildFile; productRef = 98A876542D38D35800AA1E6A /* RxSwift */; };
		98A876582D38D5FE00AA1E6A /* AmplitudeSwift in Frameworks */ = {isa = PBXBuildFile; productRef = 98A876572D38D5FE00AA1E6A /* AmplitudeSwift */; };
		98ED6C122D37EAEB00194C5D /* Alamofire in Frameworks */ = {isa = PBXBuildFile; productRef = 98ED6C112D37EAEB00194C5D /* Alamofire */; };
		98ED6C152D37EB4F00194C5D /* RxCocoa in Frameworks */ = {isa = PBXBuildFile; productRef = 98ED6C142D37EB4F00194C5D /* RxCocoa */; };
		98ED6C172D37EB4F00194C5D /* RxRelay in Frameworks */ = {isa = PBXBuildFile; productRef = 98ED6C162D37EB4F00194C5D /* RxRelay */; };
		98ED6C192D37EB4F00194C5D /* RxSwift in Frameworks */ = {isa = PBXBuildFile; productRef = 98ED6C182D37EB4F00194C5D /* RxSwift */; };
		98ED6C1F2D37EBCA00194C5D /* SnapKit in Frameworks */ = {isa = PBXBuildFile; productRef = 98ED6C1E2D37EBCA00194C5D /* SnapKit */; };
		98ED6C4A2D3832E200194C5D /* Pretendard-ExtraLight.otf in Resources */ = {isa = PBXBuildFile; fileRef = 98ED6C3C2D3832E200194C5D /* Pretendard-ExtraLight.otf */; };
		98ED6C4B2D3832E200194C5D /* Pretendard-Thin.otf in Resources */ = {isa = PBXBuildFile; fileRef = 98ED6C412D3832E200194C5D /* Pretendard-Thin.otf */; };
		98ED6C4C2D3832E200194C5D /* SUITE-Bold.otf in Resources */ = {isa = PBXBuildFile; fileRef = 98ED6C422D3832E200194C5D /* SUITE-Bold.otf */; };
		98ED6C4D2D3832E200194C5D /* SUITE-Heavy.otf in Resources */ = {isa = PBXBuildFile; fileRef = 98ED6C442D3832E200194C5D /* SUITE-Heavy.otf */; };
		98ED6C4E2D3832E200194C5D /* Pretendard-Regular.otf in Resources */ = {isa = PBXBuildFile; fileRef = 98ED6C3F2D3832E200194C5D /* Pretendard-Regular.otf */; };
		98ED6C4F2D3832E200194C5D /* Pretendard-Black.otf in Resources */ = {isa = PBXBuildFile; fileRef = 98ED6C392D3832E200194C5D /* Pretendard-Black.otf */; };
		98ED6C502D3832E200194C5D /* Pretendard-SemiBold.otf in Resources */ = {isa = PBXBuildFile; fileRef = 98ED6C402D3832E200194C5D /* Pretendard-SemiBold.otf */; };
		98ED6C512D3832E200194C5D /* SUITE-Medium.otf in Resources */ = {isa = PBXBuildFile; fileRef = 98ED6C462D3832E200194C5D /* SUITE-Medium.otf */; };
		98ED6C522D3832E200194C5D /* Pretendard-ExtraBold.otf in Resources */ = {isa = PBXBuildFile; fileRef = 98ED6C3B2D3832E200194C5D /* Pretendard-ExtraBold.otf */; };
		98ED6C532D3832E200194C5D /* SUITE-ExtraBold.otf in Resources */ = {isa = PBXBuildFile; fileRef = 98ED6C432D3832E200194C5D /* SUITE-ExtraBold.otf */; };
		98ED6C542D3832E200194C5D /* Pretendard-Bold.otf in Resources */ = {isa = PBXBuildFile; fileRef = 98ED6C3A2D3832E200194C5D /* Pretendard-Bold.otf */; };
		98ED6C552D3832E200194C5D /* Pretendard-Medium.otf in Resources */ = {isa = PBXBuildFile; fileRef = 98ED6C3E2D3832E200194C5D /* Pretendard-Medium.otf */; };
		98ED6C562D3832E200194C5D /* SUITE-Light.otf in Resources */ = {isa = PBXBuildFile; fileRef = 98ED6C452D3832E200194C5D /* SUITE-Light.otf */; };
		98ED6C572D3832E200194C5D /* .gitkeep in Resources */ = {isa = PBXBuildFile; fileRef = 98ED6C382D3832E200194C5D /* .gitkeep */; };
		98ED6C582D3832E200194C5D /* Pretendard-Light.otf in Resources */ = {isa = PBXBuildFile; fileRef = 98ED6C3D2D3832E200194C5D /* Pretendard-Light.otf */; };
		98ED6C592D3832E200194C5D /* SUITE-Regular.otf in Resources */ = {isa = PBXBuildFile; fileRef = 98ED6C472D3832E200194C5D /* SUITE-Regular.otf */; };
		98ED6C5A2D3832E200194C5D /* SUITE-SemiBold.otf in Resources */ = {isa = PBXBuildFile; fileRef = 98ED6C482D3832E200194C5D /* SUITE-SemiBold.otf */; };
/* End PBXBuildFile section */

/* Begin PBXContainerItemProxy section */
		476A69A12D379E6800B9016A /* PBXContainerItemProxy */ = {
			isa = PBXContainerItemProxy;
			containerPortal = 476A69822D379E6500B9016A /* Project object */;
			proxyType = 1;
			remoteGlobalIDString = 476A69892D379E6500B9016A;
			remoteInfo = HongikYeolgong2;
		};
		476A69AB2D379E6800B9016A /* PBXContainerItemProxy */ = {
			isa = PBXContainerItemProxy;
			containerPortal = 476A69822D379E6500B9016A /* Project object */;
			proxyType = 1;
			remoteGlobalIDString = 476A69892D379E6500B9016A;
			remoteInfo = HongikYeolgong2;
		};
/* End PBXContainerItemProxy section */

/* Begin PBXFileReference section */
		476A698A2D379E6500B9016A /* HongikYeolgong2.app */ = {isa = PBXFileReference; explicitFileType = wrapper.application; includeInIndex = 0; path = HongikYeolgong2.app; sourceTree = BUILT_PRODUCTS_DIR; };
		476A698D2D379E6500B9016A /* AppDelegate.swift */ = {isa = PBXFileReference; lastKnownFileType = sourcecode.swift; path = AppDelegate.swift; sourceTree = "<group>"; };
		476A698F2D379E6500B9016A /* SceneDelegate.swift */ = {isa = PBXFileReference; lastKnownFileType = sourcecode.swift; path = SceneDelegate.swift; sourceTree = "<group>"; };
		476A69912D379E6500B9016A /* MainViewController.swift */ = {isa = PBXFileReference; lastKnownFileType = sourcecode.swift; path = MainViewController.swift; sourceTree = "<group>"; };
		476A69962D379E6700B9016A /* Assets.xcassets */ = {isa = PBXFileReference; lastKnownFileType = folder.assetcatalog; path = Assets.xcassets; sourceTree = "<group>"; };
		476A69992D379E6700B9016A /* Base */ = {isa = PBXFileReference; lastKnownFileType = file.storyboard; name = Base; path = Base.lproj/LaunchScreen.storyboard; sourceTree = "<group>"; };
		476A699B2D379E6700B9016A /* Info.plist */ = {isa = PBXFileReference; lastKnownFileType = text.plist.xml; path = Info.plist; sourceTree = "<group>"; };
		476A69A02D379E6800B9016A /* HongikYeolgong2Tests.xctest */ = {isa = PBXFileReference; explicitFileType = wrapper.cfbundle; includeInIndex = 0; path = HongikYeolgong2Tests.xctest; sourceTree = BUILT_PRODUCTS_DIR; };
		476A69A42D379E6800B9016A /* HongikYeolgong2Tests.swift */ = {isa = PBXFileReference; lastKnownFileType = sourcecode.swift; path = HongikYeolgong2Tests.swift; sourceTree = "<group>"; };
		476A69AA2D379E6800B9016A /* HongikYeolgong2UITests.xctest */ = {isa = PBXFileReference; explicitFileType = wrapper.cfbundle; includeInIndex = 0; path = HongikYeolgong2UITests.xctest; sourceTree = BUILT_PRODUCTS_DIR; };
		476A69AE2D379E6800B9016A /* HongikYeolgong2UITests.swift */ = {isa = PBXFileReference; lastKnownFileType = sourcecode.swift; path = HongikYeolgong2UITests.swift; sourceTree = "<group>"; };
		476A69B02D379E6800B9016A /* HongikYeolgong2UITestsLaunchTests.swift */ = {isa = PBXFileReference; lastKnownFileType = sourcecode.swift; path = HongikYeolgong2UITestsLaunchTests.swift; sourceTree = "<group>"; };
		98ED6C2C2D38233F00194C5D /* ko */ = {isa = PBXFileReference; lastKnownFileType = text.plist.strings; name = ko; path = ko.lproj/LaunchScreen.strings; sourceTree = "<group>"; };
		98ED6C382D3832E200194C5D /* .gitkeep */ = {isa = PBXFileReference; lastKnownFileType = text; path = .gitkeep; sourceTree = "<group>"; };
		98ED6C392D3832E200194C5D /* Pretendard-Black.otf */ = {isa = PBXFileReference; lastKnownFileType = file; path = "Pretendard-Black.otf"; sourceTree = "<group>"; };
		98ED6C3A2D3832E200194C5D /* Pretendard-Bold.otf */ = {isa = PBXFileReference; lastKnownFileType = file; path = "Pretendard-Bold.otf"; sourceTree = "<group>"; };
		98ED6C3B2D3832E200194C5D /* Pretendard-ExtraBold.otf */ = {isa = PBXFileReference; lastKnownFileType = file; path = "Pretendard-ExtraBold.otf"; sourceTree = "<group>"; };
		98ED6C3C2D3832E200194C5D /* Pretendard-ExtraLight.otf */ = {isa = PBXFileReference; lastKnownFileType = file; path = "Pretendard-ExtraLight.otf"; sourceTree = "<group>"; };
		98ED6C3D2D3832E200194C5D /* Pretendard-Light.otf */ = {isa = PBXFileReference; lastKnownFileType = file; path = "Pretendard-Light.otf"; sourceTree = "<group>"; };
		98ED6C3E2D3832E200194C5D /* Pretendard-Medium.otf */ = {isa = PBXFileReference; lastKnownFileType = file; path = "Pretendard-Medium.otf"; sourceTree = "<group>"; };
		98ED6C3F2D3832E200194C5D /* Pretendard-Regular.otf */ = {isa = PBXFileReference; lastKnownFileType = file; path = "Pretendard-Regular.otf"; sourceTree = "<group>"; };
		98ED6C402D3832E200194C5D /* Pretendard-SemiBold.otf */ = {isa = PBXFileReference; lastKnownFileType = file; path = "Pretendard-SemiBold.otf"; sourceTree = "<group>"; };
		98ED6C412D3832E200194C5D /* Pretendard-Thin.otf */ = {isa = PBXFileReference; lastKnownFileType = file; path = "Pretendard-Thin.otf"; sourceTree = "<group>"; };
		98ED6C422D3832E200194C5D /* SUITE-Bold.otf */ = {isa = PBXFileReference; lastKnownFileType = file; path = "SUITE-Bold.otf"; sourceTree = "<group>"; };
		98ED6C432D3832E200194C5D /* SUITE-ExtraBold.otf */ = {isa = PBXFileReference; lastKnownFileType = file; path = "SUITE-ExtraBold.otf"; sourceTree = "<group>"; };
		98ED6C442D3832E200194C5D /* SUITE-Heavy.otf */ = {isa = PBXFileReference; lastKnownFileType = file; path = "SUITE-Heavy.otf"; sourceTree = "<group>"; };
		98ED6C452D3832E200194C5D /* SUITE-Light.otf */ = {isa = PBXFileReference; lastKnownFileType = file; path = "SUITE-Light.otf"; sourceTree = "<group>"; };
		98ED6C462D3832E200194C5D /* SUITE-Medium.otf */ = {isa = PBXFileReference; lastKnownFileType = file; path = "SUITE-Medium.otf"; sourceTree = "<group>"; };
		98ED6C472D3832E200194C5D /* SUITE-Regular.otf */ = {isa = PBXFileReference; lastKnownFileType = file; path = "SUITE-Regular.otf"; sourceTree = "<group>"; };
		98ED6C482D3832E200194C5D /* SUITE-SemiBold.otf */ = {isa = PBXFileReference; lastKnownFileType = file; path = "SUITE-SemiBold.otf"; sourceTree = "<group>"; };
/* End PBXFileReference section */

/* Begin PBXFrameworksBuildPhase section */
		476A69872D379E6500B9016A /* Frameworks */ = {
			isa = PBXFrameworksBuildPhase;
			buildActionMask = 2147483647;
			files = (
				98A876552D38D35800AA1E6A /* RxSwift in Frameworks */,
				98ED6C172D37EB4F00194C5D /* RxRelay in Frameworks */,
				98ED6C152D37EB4F00194C5D /* RxCocoa in Frameworks */,
				98ED6C192D37EB4F00194C5D /* RxSwift in Frameworks */,
				98A876512D38D32B00AA1E6A /* Then in Frameworks */,
				98A8764E2D38D2A500AA1E6A /* FirebaseRemoteConfig in Frameworks */,
				98ED6C122D37EAEB00194C5D /* Alamofire in Frameworks */,
				98A876532D38D35800AA1E6A /* RxCocoa in Frameworks */,
				98A876582D38D5FE00AA1E6A /* AmplitudeSwift in Frameworks */,
				98ED6C1F2D37EBCA00194C5D /* SnapKit in Frameworks */,
			);
			runOnlyForDeploymentPostprocessing = 0;
		};
		476A699D2D379E6800B9016A /* Frameworks */ = {
			isa = PBXFrameworksBuildPhase;
			buildActionMask = 2147483647;
			files = (
			);
			runOnlyForDeploymentPostprocessing = 0;
		};
		476A69A72D379E6800B9016A /* Frameworks */ = {
			isa = PBXFrameworksBuildPhase;
			buildActionMask = 2147483647;
			files = (
			);
			runOnlyForDeploymentPostprocessing = 0;
		};
/* End PBXFrameworksBuildPhase section */

/* Begin PBXGroup section */
		476A69812D379E6500B9016A = {
			isa = PBXGroup;
			children = (
				476A698C2D379E6500B9016A /* HongikYeolgong2 */,
				476A69A32D379E6800B9016A /* HongikYeolgong2Tests */,
				476A69AD2D379E6800B9016A /* HongikYeolgong2UITests */,
				476A698B2D379E6500B9016A /* Products */,
			);
			sourceTree = "<group>";
		};
		476A698B2D379E6500B9016A /* Products */ = {
			isa = PBXGroup;
			children = (
				476A698A2D379E6500B9016A /* HongikYeolgong2.app */,
				476A69A02D379E6800B9016A /* HongikYeolgong2Tests.xctest */,
				476A69AA2D379E6800B9016A /* HongikYeolgong2UITests.xctest */,
			);
			name = Products;
			sourceTree = "<group>";
		};
		476A698C2D379E6500B9016A /* HongikYeolgong2 */ = {
			isa = PBXGroup;
			children = (
				98ED6C292D381E4E00194C5D /* Application */,
				98ED6C222D37FD9A00194C5D /* Presentation */,
				98ED6C202D37FD8A00194C5D /* Domain */,
				98ED6C212D37FD9300194C5D /* Data */,
				98ED6C282D381E2600194C5D /* Utils */,
				98ED6C2A2D38226D00194C5D /* Resources */,
			);
			path = HongikYeolgong2;
			sourceTree = "<group>";
		};
		476A69A32D379E6800B9016A /* HongikYeolgong2Tests */ = {
			isa = PBXGroup;
			children = (
				476A69A42D379E6800B9016A /* HongikYeolgong2Tests.swift */,
			);
			path = HongikYeolgong2Tests;
			sourceTree = "<group>";
		};
		476A69AD2D379E6800B9016A /* HongikYeolgong2UITests */ = {
			isa = PBXGroup;
			children = (
				476A69AE2D379E6800B9016A /* HongikYeolgong2UITests.swift */,
				476A69B02D379E6800B9016A /* HongikYeolgong2UITestsLaunchTests.swift */,
			);
			path = HongikYeolgong2UITests;
			sourceTree = "<group>";
		};
		98ED6C202D37FD8A00194C5D /* Domain */ = {
			isa = PBXGroup;
			children = (
				98ED6C352D382F7A00194C5D /* Entities */,
				98ED6C362D382F8C00194C5D /* UseCases */,
				98ED6C372D382FA200194C5D /* Interfaces */,
			);
			path = Domain;
			sourceTree = "<group>";
		};
		98ED6C212D37FD9300194C5D /* Data */ = {
			isa = PBXGroup;
			children = (
				98ED6C2D2D38264A00194C5D /* Repositories */,
				98ED6C2E2D38265700194C5D /* Network */,
			);
			path = Data;
			sourceTree = "<group>";
		};
		98ED6C222D37FD9A00194C5D /* Presentation */ = {
			isa = PBXGroup;
			children = (
				98ED6C5E2D38390800194C5D /* Root */,
				98ED6C232D380E1F00194C5D /* Home */,
				98ED6C272D380E6100194C5D /* Auth */,
				98ED6C242D380E2600194C5D /* Record */,
				98ED6C252D380E3300194C5D /* Ranking */,
				98ED6C262D380E4900194C5D /* Setting */,
				98ED6C332D38281900194C5D /* Components */,
				98ED6C2F2D3827A600194C5D /* Utils */,
			);
			path = Presentation;
			sourceTree = "<group>";
		};
		98ED6C232D380E1F00194C5D /* Home */ = {
			isa = PBXGroup;
			children = (
			);
			path = Home;
			sourceTree = "<group>";
		};
		98ED6C242D380E2600194C5D /* Record */ = {
			isa = PBXGroup;
			children = (
			);
			path = Record;
			sourceTree = "<group>";
		};
		98ED6C252D380E3300194C5D /* Ranking */ = {
			isa = PBXGroup;
			children = (
			);
			path = Ranking;
			sourceTree = "<group>";
		};
		98ED6C262D380E4900194C5D /* Setting */ = {
			isa = PBXGroup;
			children = (
			);
			path = Setting;
			sourceTree = "<group>";
		};
		98ED6C272D380E6100194C5D /* Auth */ = {
			isa = PBXGroup;
			children = (
			);
			path = Auth;
			sourceTree = "<group>";
		};
		98ED6C282D381E2600194C5D /* Utils */ = {
			isa = PBXGroup;
			children = (
				98ED6C312D3827BE00194C5D /* Protocols */,
				98ED6C302D3827B300194C5D /* Extensions */,
			);
			path = Utils;
			sourceTree = "<group>";
		};
		98ED6C292D381E4E00194C5D /* Application */ = {
			isa = PBXGroup;
			children = (
				476A698D2D379E6500B9016A /* AppDelegate.swift */,
				476A698F2D379E6500B9016A /* SceneDelegate.swift */,
			);
			path = Application;
			sourceTree = "<group>";
		};
		98ED6C2A2D38226D00194C5D /* Resources */ = {
			isa = PBXGroup;
			children = (
				98ED6C492D3832E200194C5D /* Font */,
				476A69962D379E6700B9016A /* Assets.xcassets */,
				476A699B2D379E6700B9016A /* Info.plist */,
				476A69982D379E6700B9016A /* LaunchScreen.storyboard */,
			);
			path = Resources;
			sourceTree = "<group>";
		};
		98ED6C2D2D38264A00194C5D /* Repositories */ = {
			isa = PBXGroup;
			children = (
			);
			path = Repositories;
			sourceTree = "<group>";
		};
		98ED6C2E2D38265700194C5D /* Network */ = {
			isa = PBXGroup;
			children = (
			);
			path = Network;
			sourceTree = "<group>";
		};
		98ED6C2F2D3827A600194C5D /* Utils */ = {
			isa = PBXGroup;
			children = (
			);
			path = Utils;
			sourceTree = "<group>";
		};
		98ED6C302D3827B300194C5D /* Extensions */ = {
			isa = PBXGroup;
			children = (
			);
			path = Extensions;
			sourceTree = "<group>";
		};
		98ED6C312D3827BE00194C5D /* Protocols */ = {
			isa = PBXGroup;
			children = (
			);
			path = Protocols;
			sourceTree = "<group>";
		};
		98ED6C332D38281900194C5D /* Components */ = {
			isa = PBXGroup;
			children = (
			);
			path = Components;
			sourceTree = "<group>";
		};
		98ED6C352D382F7A00194C5D /* Entities */ = {
			isa = PBXGroup;
			children = (
			);
			path = Entities;
			sourceTree = "<group>";
		};
		98ED6C362D382F8C00194C5D /* UseCases */ = {
			isa = PBXGroup;
			children = (
			);
			path = UseCases;
			sourceTree = "<group>";
		};
		98ED6C372D382FA200194C5D /* Interfaces */ = {
			isa = PBXGroup;
			children = (
			);
			path = Interfaces;
			sourceTree = "<group>";
		};
		98ED6C492D3832E200194C5D /* Font */ = {
			isa = PBXGroup;
			children = (
				98ED6C382D3832E200194C5D /* .gitkeep */,
				98ED6C392D3832E200194C5D /* Pretendard-Black.otf */,
				98ED6C3A2D3832E200194C5D /* Pretendard-Bold.otf */,
				98ED6C3B2D3832E200194C5D /* Pretendard-ExtraBold.otf */,
				98ED6C3C2D3832E200194C5D /* Pretendard-ExtraLight.otf */,
				98ED6C3D2D3832E200194C5D /* Pretendard-Light.otf */,
				98ED6C3E2D3832E200194C5D /* Pretendard-Medium.otf */,
				98ED6C3F2D3832E200194C5D /* Pretendard-Regular.otf */,
				98ED6C402D3832E200194C5D /* Pretendard-SemiBold.otf */,
				98ED6C412D3832E200194C5D /* Pretendard-Thin.otf */,
				98ED6C422D3832E200194C5D /* SUITE-Bold.otf */,
				98ED6C432D3832E200194C5D /* SUITE-ExtraBold.otf */,
				98ED6C442D3832E200194C5D /* SUITE-Heavy.otf */,
				98ED6C452D3832E200194C5D /* SUITE-Light.otf */,
				98ED6C462D3832E200194C5D /* SUITE-Medium.otf */,
				98ED6C472D3832E200194C5D /* SUITE-Regular.otf */,
				98ED6C482D3832E200194C5D /* SUITE-SemiBold.otf */,
			);
			path = Font;
			sourceTree = "<group>";
		};
		98ED6C5E2D38390800194C5D /* Root */ = {
			isa = PBXGroup;
			children = (
				476A69912D379E6500B9016A /* MainViewController.swift */,
			);
			path = Root;
			sourceTree = "<group>";
		};
/* End PBXGroup section */

/* Begin PBXNativeTarget section */
		476A69892D379E6500B9016A /* HongikYeolgong2 */ = {
			isa = PBXNativeTarget;
			buildConfigurationList = 476A69B42D379E6800B9016A /* Build configuration list for PBXNativeTarget "HongikYeolgong2" */;
			buildPhases = (
				476A69862D379E6500B9016A /* Sources */,
				476A69872D379E6500B9016A /* Frameworks */,
				476A69882D379E6500B9016A /* Resources */,
			);
			buildRules = (
			);
			dependencies = (
			);
			name = HongikYeolgong2;
			productName = HongikYeolgong2;
			productReference = 476A698A2D379E6500B9016A /* HongikYeolgong2.app */;
			productType = "com.apple.product-type.application";
		};
		476A699F2D379E6800B9016A /* HongikYeolgong2Tests */ = {
			isa = PBXNativeTarget;
			buildConfigurationList = 476A69B72D379E6800B9016A /* Build configuration list for PBXNativeTarget "HongikYeolgong2Tests" */;
			buildPhases = (
				476A699C2D379E6800B9016A /* Sources */,
				476A699D2D379E6800B9016A /* Frameworks */,
				476A699E2D379E6800B9016A /* Resources */,
			);
			buildRules = (
			);
			dependencies = (
				476A69A22D379E6800B9016A /* PBXTargetDependency */,
			);
			name = HongikYeolgong2Tests;
			productName = HongikYeolgong2Tests;
			productReference = 476A69A02D379E6800B9016A /* HongikYeolgong2Tests.xctest */;
			productType = "com.apple.product-type.bundle.unit-test";
		};
		476A69A92D379E6800B9016A /* HongikYeolgong2UITests */ = {
			isa = PBXNativeTarget;
			buildConfigurationList = 476A69BA2D379E6800B9016A /* Build configuration list for PBXNativeTarget "HongikYeolgong2UITests" */;
			buildPhases = (
				476A69A62D379E6800B9016A /* Sources */,
				476A69A72D379E6800B9016A /* Frameworks */,
				476A69A82D379E6800B9016A /* Resources */,
			);
			buildRules = (
			);
			dependencies = (
				476A69AC2D379E6800B9016A /* PBXTargetDependency */,
			);
			name = HongikYeolgong2UITests;
			productName = HongikYeolgong2UITests;
			productReference = 476A69AA2D379E6800B9016A /* HongikYeolgong2UITests.xctest */;
			productType = "com.apple.product-type.bundle.ui-testing";
		};
/* End PBXNativeTarget section */

/* Begin PBXProject section */
		476A69822D379E6500B9016A /* Project object */ = {
			isa = PBXProject;
			attributes = {
				BuildIndependentTargetsInParallel = 1;
				LastSwiftUpdateCheck = 1540;
				LastUpgradeCheck = 1540;
				TargetAttributes = {
					476A69892D379E6500B9016A = {
						CreatedOnToolsVersion = 15.4;
					};
					476A699F2D379E6800B9016A = {
						CreatedOnToolsVersion = 15.4;
						TestTargetID = 476A69892D379E6500B9016A;
					};
					476A69A92D379E6800B9016A = {
						CreatedOnToolsVersion = 15.4;
						TestTargetID = 476A69892D379E6500B9016A;
					};
				};
			};
			buildConfigurationList = 476A69852D379E6500B9016A /* Build configuration list for PBXProject "HongikYeolgong2" */;
			compatibilityVersion = "Xcode 14.0";
			developmentRegion = ko;
			hasScannedForEncodings = 0;
			knownRegions = (
				Base,
				ko,
			);
			mainGroup = 476A69812D379E6500B9016A;
			packageReferences = (
				98ED6C102D37EAEB00194C5D /* XCRemoteSwiftPackageReference "Alamofire" */,
				98ED6C132D37EB4F00194C5D /* XCRemoteSwiftPackageReference "RxSwift" */,
				98ED6C1D2D37EBCA00194C5D /* XCRemoteSwiftPackageReference "SnapKit" */,
				98A8764C2D38D2A500AA1E6A /* XCRemoteSwiftPackageReference "firebase-ios-sdk" */,
				98A8764F2D38D32B00AA1E6A /* XCRemoteSwiftPackageReference "Then" */,
				98A876562D38D5FE00AA1E6A /* XCRemoteSwiftPackageReference "Amplitude-Swift" */,
			);
			productRefGroup = 476A698B2D379E6500B9016A /* Products */;
			projectDirPath = "";
			projectRoot = "";
			targets = (
				476A69892D379E6500B9016A /* HongikYeolgong2 */,
				476A699F2D379E6800B9016A /* HongikYeolgong2Tests */,
				476A69A92D379E6800B9016A /* HongikYeolgong2UITests */,
			);
		};
/* End PBXProject section */

/* Begin PBXResourcesBuildPhase section */
		476A69882D379E6500B9016A /* Resources */ = {
			isa = PBXResourcesBuildPhase;
			buildActionMask = 2147483647;
			files = (
				476A69972D379E6700B9016A /* Assets.xcassets in Resources */,
				476A699A2D379E6700B9016A /* Base in Resources */,
				98ED6C4A2D3832E200194C5D /* Pretendard-ExtraLight.otf in Resources */,
				98ED6C4B2D3832E200194C5D /* Pretendard-Thin.otf in Resources */,
				98ED6C4C2D3832E200194C5D /* SUITE-Bold.otf in Resources */,
				98ED6C4D2D3832E200194C5D /* SUITE-Heavy.otf in Resources */,
				98ED6C4E2D3832E200194C5D /* Pretendard-Regular.otf in Resources */,
				98ED6C4F2D3832E200194C5D /* Pretendard-Black.otf in Resources */,
				98ED6C502D3832E200194C5D /* Pretendard-SemiBold.otf in Resources */,
				98ED6C512D3832E200194C5D /* SUITE-Medium.otf in Resources */,
				98ED6C522D3832E200194C5D /* Pretendard-ExtraBold.otf in Resources */,
				98ED6C532D3832E200194C5D /* SUITE-ExtraBold.otf in Resources */,
				98ED6C542D3832E200194C5D /* Pretendard-Bold.otf in Resources */,
				98ED6C552D3832E200194C5D /* Pretendard-Medium.otf in Resources */,
				98ED6C562D3832E200194C5D /* SUITE-Light.otf in Resources */,
				98ED6C572D3832E200194C5D /* .gitkeep in Resources */,
				98ED6C582D3832E200194C5D /* Pretendard-Light.otf in Resources */,
				98ED6C592D3832E200194C5D /* SUITE-Regular.otf in Resources */,
				98ED6C5A2D3832E200194C5D /* SUITE-SemiBold.otf in Resources */,
			);
			runOnlyForDeploymentPostprocessing = 0;
		};
		476A699E2D379E6800B9016A /* Resources */ = {
			isa = PBXResourcesBuildPhase;
			buildActionMask = 2147483647;
			files = (
			);
			runOnlyForDeploymentPostprocessing = 0;
		};
		476A69A82D379E6800B9016A /* Resources */ = {
			isa = PBXResourcesBuildPhase;
			buildActionMask = 2147483647;
			files = (
			);
			runOnlyForDeploymentPostprocessing = 0;
		};
/* End PBXResourcesBuildPhase section */

/* Begin PBXSourcesBuildPhase section */
		476A69862D379E6500B9016A /* Sources */ = {
			isa = PBXSourcesBuildPhase;
			buildActionMask = 2147483647;
			files = (
				476A69922D379E6500B9016A /* MainViewController.swift in Sources */,
				476A698E2D379E6500B9016A /* AppDelegate.swift in Sources */,
				476A69902D379E6500B9016A /* SceneDelegate.swift in Sources */,
			);
			runOnlyForDeploymentPostprocessing = 0;
		};
		476A699C2D379E6800B9016A /* Sources */ = {
			isa = PBXSourcesBuildPhase;
			buildActionMask = 2147483647;
			files = (
				476A69A52D379E6800B9016A /* HongikYeolgong2Tests.swift in Sources */,
			);
			runOnlyForDeploymentPostprocessing = 0;
		};
		476A69A62D379E6800B9016A /* Sources */ = {
			isa = PBXSourcesBuildPhase;
			buildActionMask = 2147483647;
			files = (
				476A69AF2D379E6800B9016A /* HongikYeolgong2UITests.swift in Sources */,
				476A69B12D379E6800B9016A /* HongikYeolgong2UITestsLaunchTests.swift in Sources */,
			);
			runOnlyForDeploymentPostprocessing = 0;
		};
/* End PBXSourcesBuildPhase section */

/* Begin PBXTargetDependency section */
		476A69A22D379E6800B9016A /* PBXTargetDependency */ = {
			isa = PBXTargetDependency;
			target = 476A69892D379E6500B9016A /* HongikYeolgong2 */;
			targetProxy = 476A69A12D379E6800B9016A /* PBXContainerItemProxy */;
		};
		476A69AC2D379E6800B9016A /* PBXTargetDependency */ = {
			isa = PBXTargetDependency;
			target = 476A69892D379E6500B9016A /* HongikYeolgong2 */;
			targetProxy = 476A69AB2D379E6800B9016A /* PBXContainerItemProxy */;
		};
/* End PBXTargetDependency section */

/* Begin PBXVariantGroup section */
		476A69982D379E6700B9016A /* LaunchScreen.storyboard */ = {
			isa = PBXVariantGroup;
			children = (
				476A69992D379E6700B9016A /* Base */,
				98ED6C2C2D38233F00194C5D /* ko */,
			);
			name = LaunchScreen.storyboard;
			sourceTree = "<group>";
		};
/* End PBXVariantGroup section */

/* Begin XCBuildConfiguration section */
		476A69B22D379E6800B9016A /* Debug */ = {
			isa = XCBuildConfiguration;
			buildSettings = {
				ALWAYS_SEARCH_USER_PATHS = NO;
				ASSETCATALOG_COMPILER_GENERATE_SWIFT_ASSET_SYMBOL_EXTENSIONS = YES;
				CLANG_ANALYZER_LOCALIZABILITY_NONLOCALIZED = YES;
				CLANG_ANALYZER_NONNULL = YES;
				CLANG_ANALYZER_NUMBER_OBJECT_CONVERSION = YES_AGGRESSIVE;
				CLANG_CXX_LANGUAGE_STANDARD = "gnu++20";
				CLANG_ENABLE_MODULES = YES;
				CLANG_ENABLE_OBJC_ARC = YES;
				CLANG_ENABLE_OBJC_WEAK = YES;
				CLANG_WARN_BLOCK_CAPTURE_AUTORELEASING = YES;
				CLANG_WARN_BOOL_CONVERSION = YES;
				CLANG_WARN_COMMA = YES;
				CLANG_WARN_CONSTANT_CONVERSION = YES;
				CLANG_WARN_DEPRECATED_OBJC_IMPLEMENTATIONS = YES;
				CLANG_WARN_DIRECT_OBJC_ISA_USAGE = YES_ERROR;
				CLANG_WARN_DOCUMENTATION_COMMENTS = YES;
				CLANG_WARN_EMPTY_BODY = YES;
				CLANG_WARN_ENUM_CONVERSION = YES;
				CLANG_WARN_INFINITE_RECURSION = YES;
				CLANG_WARN_INT_CONVERSION = YES;
				CLANG_WARN_NON_LITERAL_NULL_CONVERSION = YES;
				CLANG_WARN_OBJC_IMPLICIT_RETAIN_SELF = YES;
				CLANG_WARN_OBJC_LITERAL_CONVERSION = YES;
				CLANG_WARN_OBJC_ROOT_CLASS = YES_ERROR;
				CLANG_WARN_QUOTED_INCLUDE_IN_FRAMEWORK_HEADER = YES;
				CLANG_WARN_RANGE_LOOP_ANALYSIS = YES;
				CLANG_WARN_STRICT_PROTOTYPES = YES;
				CLANG_WARN_SUSPICIOUS_MOVE = YES;
				CLANG_WARN_UNGUARDED_AVAILABILITY = YES_AGGRESSIVE;
				CLANG_WARN_UNREACHABLE_CODE = YES;
				CLANG_WARN__DUPLICATE_METHOD_MATCH = YES;
				COPY_PHASE_STRIP = NO;
				DEBUG_INFORMATION_FORMAT = dwarf;
				ENABLE_STRICT_OBJC_MSGSEND = YES;
				ENABLE_TESTABILITY = YES;
				ENABLE_USER_SCRIPT_SANDBOXING = YES;
				GCC_C_LANGUAGE_STANDARD = gnu17;
				GCC_DYNAMIC_NO_PIC = NO;
				GCC_NO_COMMON_BLOCKS = YES;
				GCC_OPTIMIZATION_LEVEL = 0;
				GCC_PREPROCESSOR_DEFINITIONS = (
					"DEBUG=1",
					"$(inherited)",
				);
				GCC_WARN_64_TO_32_BIT_CONVERSION = YES;
				GCC_WARN_ABOUT_RETURN_TYPE = YES_ERROR;
				GCC_WARN_UNDECLARED_SELECTOR = YES;
				GCC_WARN_UNINITIALIZED_AUTOS = YES_AGGRESSIVE;
				GCC_WARN_UNUSED_FUNCTION = YES;
				GCC_WARN_UNUSED_VARIABLE = YES;
				IPHONEOS_DEPLOYMENT_TARGET = 17.5;
				LOCALIZATION_PREFERS_STRING_CATALOGS = YES;
				MTL_ENABLE_DEBUG_INFO = INCLUDE_SOURCE;
				MTL_FAST_MATH = YES;
				ONLY_ACTIVE_ARCH = YES;
				SDKROOT = iphoneos;
				SWIFT_ACTIVE_COMPILATION_CONDITIONS = "DEBUG $(inherited)";
				SWIFT_OPTIMIZATION_LEVEL = "-Onone";
			};
			name = Debug;
		};
		476A69B32D379E6800B9016A /* Release */ = {
			isa = XCBuildConfiguration;
			buildSettings = {
				ALWAYS_SEARCH_USER_PATHS = NO;
				ASSETCATALOG_COMPILER_GENERATE_SWIFT_ASSET_SYMBOL_EXTENSIONS = YES;
				CLANG_ANALYZER_LOCALIZABILITY_NONLOCALIZED = YES;
				CLANG_ANALYZER_NONNULL = YES;
				CLANG_ANALYZER_NUMBER_OBJECT_CONVERSION = YES_AGGRESSIVE;
				CLANG_CXX_LANGUAGE_STANDARD = "gnu++20";
				CLANG_ENABLE_MODULES = YES;
				CLANG_ENABLE_OBJC_ARC = YES;
				CLANG_ENABLE_OBJC_WEAK = YES;
				CLANG_WARN_BLOCK_CAPTURE_AUTORELEASING = YES;
				CLANG_WARN_BOOL_CONVERSION = YES;
				CLANG_WARN_COMMA = YES;
				CLANG_WARN_CONSTANT_CONVERSION = YES;
				CLANG_WARN_DEPRECATED_OBJC_IMPLEMENTATIONS = YES;
				CLANG_WARN_DIRECT_OBJC_ISA_USAGE = YES_ERROR;
				CLANG_WARN_DOCUMENTATION_COMMENTS = YES;
				CLANG_WARN_EMPTY_BODY = YES;
				CLANG_WARN_ENUM_CONVERSION = YES;
				CLANG_WARN_INFINITE_RECURSION = YES;
				CLANG_WARN_INT_CONVERSION = YES;
				CLANG_WARN_NON_LITERAL_NULL_CONVERSION = YES;
				CLANG_WARN_OBJC_IMPLICIT_RETAIN_SELF = YES;
				CLANG_WARN_OBJC_LITERAL_CONVERSION = YES;
				CLANG_WARN_OBJC_ROOT_CLASS = YES_ERROR;
				CLANG_WARN_QUOTED_INCLUDE_IN_FRAMEWORK_HEADER = YES;
				CLANG_WARN_RANGE_LOOP_ANALYSIS = YES;
				CLANG_WARN_STRICT_PROTOTYPES = YES;
				CLANG_WARN_SUSPICIOUS_MOVE = YES;
				CLANG_WARN_UNGUARDED_AVAILABILITY = YES_AGGRESSIVE;
				CLANG_WARN_UNREACHABLE_CODE = YES;
				CLANG_WARN__DUPLICATE_METHOD_MATCH = YES;
				COPY_PHASE_STRIP = NO;
				DEBUG_INFORMATION_FORMAT = "dwarf-with-dsym";
				ENABLE_NS_ASSERTIONS = NO;
				ENABLE_STRICT_OBJC_MSGSEND = YES;
				ENABLE_USER_SCRIPT_SANDBOXING = YES;
				GCC_C_LANGUAGE_STANDARD = gnu17;
				GCC_NO_COMMON_BLOCKS = YES;
				GCC_WARN_64_TO_32_BIT_CONVERSION = YES;
				GCC_WARN_ABOUT_RETURN_TYPE = YES_ERROR;
				GCC_WARN_UNDECLARED_SELECTOR = YES;
				GCC_WARN_UNINITIALIZED_AUTOS = YES_AGGRESSIVE;
				GCC_WARN_UNUSED_FUNCTION = YES;
				GCC_WARN_UNUSED_VARIABLE = YES;
				IPHONEOS_DEPLOYMENT_TARGET = 17.5;
				LOCALIZATION_PREFERS_STRING_CATALOGS = YES;
				MTL_ENABLE_DEBUG_INFO = NO;
				MTL_FAST_MATH = YES;
				SDKROOT = iphoneos;
				SWIFT_COMPILATION_MODE = wholemodule;
				VALIDATE_PRODUCT = YES;
			};
			name = Release;
		};
		476A69B52D379E6800B9016A /* Debug */ = {
			isa = XCBuildConfiguration;
			buildSettings = {
				ASSETCATALOG_COMPILER_APPICON_NAME = AppIcon;
				ASSETCATALOG_COMPILER_GLOBAL_ACCENT_COLOR_NAME = AccentColor;
				CODE_SIGN_STYLE = Automatic;
				CURRENT_PROJECT_VERSION = 1;
				DEVELOPMENT_TEAM = X58MVPBY9R;
				GENERATE_INFOPLIST_FILE = YES;
				INFOPLIST_FILE = HongikYeolgong2/Resources/Info.plist;
				INFOPLIST_KEY_LSApplicationCategoryType = "public.app-category.education";
				INFOPLIST_KEY_UIApplicationSupportsIndirectInputEvents = YES;
				INFOPLIST_KEY_UILaunchStoryboardName = LaunchScreen;
				INFOPLIST_KEY_UIMainStoryboardFile = "";
				INFOPLIST_KEY_UISupportedInterfaceOrientations_iPad = "UIInterfaceOrientationPortrait UIInterfaceOrientationPortraitUpsideDown UIInterfaceOrientationLandscapeLeft UIInterfaceOrientationLandscapeRight";
				INFOPLIST_KEY_UISupportedInterfaceOrientations_iPhone = "UIInterfaceOrientationPortrait UIInterfaceOrientationLandscapeLeft UIInterfaceOrientationLandscapeRight";
				IPHONEOS_DEPLOYMENT_TARGET = 16.0;
				LD_RUNPATH_SEARCH_PATHS = (
					"$(inherited)",
					"@executable_path/Frameworks",
				);
				MARKETING_VERSION = 1.0;
				PRODUCT_BUNDLE_IDENTIFIER = hy2.HongikYeolgong2;
				PRODUCT_NAME = "$(TARGET_NAME)";
				SUPPORTED_PLATFORMS = "iphoneos iphonesimulator";
				SUPPORTS_MACCATALYST = NO;
				SUPPORTS_MAC_DESIGNED_FOR_IPHONE_IPAD = NO;
				SUPPORTS_XR_DESIGNED_FOR_IPHONE_IPAD = NO;
				SWIFT_EMIT_LOC_STRINGS = YES;
				SWIFT_VERSION = 5.0;
				TARGETED_DEVICE_FAMILY = "1,2";
			};
			name = Debug;
		};
		476A69B62D379E6800B9016A /* Release */ = {
			isa = XCBuildConfiguration;
			buildSettings = {
				ASSETCATALOG_COMPILER_APPICON_NAME = AppIcon;
				ASSETCATALOG_COMPILER_GLOBAL_ACCENT_COLOR_NAME = AccentColor;
				CODE_SIGN_STYLE = Automatic;
				CURRENT_PROJECT_VERSION = 1;
				DEVELOPMENT_TEAM = X58MVPBY9R;
				GENERATE_INFOPLIST_FILE = YES;
				INFOPLIST_FILE = HongikYeolgong2/Resources/Info.plist;
				INFOPLIST_KEY_LSApplicationCategoryType = "public.app-category.education";
				INFOPLIST_KEY_UIApplicationSupportsIndirectInputEvents = YES;
				INFOPLIST_KEY_UILaunchStoryboardName = LaunchScreen;
				INFOPLIST_KEY_UIMainStoryboardFile = "";
				INFOPLIST_KEY_UISupportedInterfaceOrientations_iPad = "UIInterfaceOrientationPortrait UIInterfaceOrientationPortraitUpsideDown UIInterfaceOrientationLandscapeLeft UIInterfaceOrientationLandscapeRight";
				INFOPLIST_KEY_UISupportedInterfaceOrientations_iPhone = "UIInterfaceOrientationPortrait UIInterfaceOrientationLandscapeLeft UIInterfaceOrientationLandscapeRight";
				IPHONEOS_DEPLOYMENT_TARGET = 16.0;
				LD_RUNPATH_SEARCH_PATHS = (
					"$(inherited)",
					"@executable_path/Frameworks",
				);
				MARKETING_VERSION = 1.0;
				PRODUCT_BUNDLE_IDENTIFIER = hy2.HongikYeolgong2;
				PRODUCT_NAME = "$(TARGET_NAME)";
				SUPPORTED_PLATFORMS = "iphoneos iphonesimulator";
				SUPPORTS_MACCATALYST = NO;
				SUPPORTS_MAC_DESIGNED_FOR_IPHONE_IPAD = NO;
				SUPPORTS_XR_DESIGNED_FOR_IPHONE_IPAD = NO;
				SWIFT_EMIT_LOC_STRINGS = YES;
				SWIFT_VERSION = 5.0;
				TARGETED_DEVICE_FAMILY = "1,2";
			};
			name = Release;
		};
		476A69B82D379E6800B9016A /* Debug */ = {
			isa = XCBuildConfiguration;
			buildSettings = {
				ALWAYS_EMBED_SWIFT_STANDARD_LIBRARIES = YES;
				BUNDLE_LOADER = "$(TEST_HOST)";
				CODE_SIGN_STYLE = Automatic;
				CURRENT_PROJECT_VERSION = 1;
				DEVELOPMENT_TEAM = X58MVPBY9R;
				GENERATE_INFOPLIST_FILE = YES;
				IPHONEOS_DEPLOYMENT_TARGET = 17.5;
				MARKETING_VERSION = 1.0;
				PRODUCT_BUNDLE_IDENTIFIER = hy2.HongikYeolgong2Tests;
				PRODUCT_NAME = "$(TARGET_NAME)";
				SWIFT_EMIT_LOC_STRINGS = NO;
				SWIFT_VERSION = 5.0;
				TARGETED_DEVICE_FAMILY = "1,2";
				TEST_HOST = "$(BUILT_PRODUCTS_DIR)/HongikYeolgong2.app/$(BUNDLE_EXECUTABLE_FOLDER_PATH)/HongikYeolgong2";
			};
			name = Debug;
		};
		476A69B92D379E6800B9016A /* Release */ = {
			isa = XCBuildConfiguration;
			buildSettings = {
				ALWAYS_EMBED_SWIFT_STANDARD_LIBRARIES = YES;
				BUNDLE_LOADER = "$(TEST_HOST)";
				CODE_SIGN_STYLE = Automatic;
				CURRENT_PROJECT_VERSION = 1;
				DEVELOPMENT_TEAM = X58MVPBY9R;
				GENERATE_INFOPLIST_FILE = YES;
				IPHONEOS_DEPLOYMENT_TARGET = 17.5;
				MARKETING_VERSION = 1.0;
				PRODUCT_BUNDLE_IDENTIFIER = hy2.HongikYeolgong2Tests;
				PRODUCT_NAME = "$(TARGET_NAME)";
				SWIFT_EMIT_LOC_STRINGS = NO;
				SWIFT_VERSION = 5.0;
				TARGETED_DEVICE_FAMILY = "1,2";
				TEST_HOST = "$(BUILT_PRODUCTS_DIR)/HongikYeolgong2.app/$(BUNDLE_EXECUTABLE_FOLDER_PATH)/HongikYeolgong2";
			};
			name = Release;
		};
		476A69BB2D379E6800B9016A /* Debug */ = {
			isa = XCBuildConfiguration;
			buildSettings = {
				ALWAYS_EMBED_SWIFT_STANDARD_LIBRARIES = YES;
				CODE_SIGN_STYLE = Automatic;
				CURRENT_PROJECT_VERSION = 1;
				DEVELOPMENT_TEAM = X58MVPBY9R;
				GENERATE_INFOPLIST_FILE = YES;
				MARKETING_VERSION = 1.0;
				PRODUCT_BUNDLE_IDENTIFIER = hy2.HongikYeolgong2UITests;
				PRODUCT_NAME = "$(TARGET_NAME)";
				SWIFT_EMIT_LOC_STRINGS = NO;
				SWIFT_VERSION = 5.0;
				TARGETED_DEVICE_FAMILY = "1,2";
				TEST_TARGET_NAME = HongikYeolgong2;
			};
			name = Debug;
		};
		476A69BC2D379E6800B9016A /* Release */ = {
			isa = XCBuildConfiguration;
			buildSettings = {
				ALWAYS_EMBED_SWIFT_STANDARD_LIBRARIES = YES;
				CODE_SIGN_STYLE = Automatic;
				CURRENT_PROJECT_VERSION = 1;
				DEVELOPMENT_TEAM = X58MVPBY9R;
				GENERATE_INFOPLIST_FILE = YES;
				MARKETING_VERSION = 1.0;
				PRODUCT_BUNDLE_IDENTIFIER = hy2.HongikYeolgong2UITests;
				PRODUCT_NAME = "$(TARGET_NAME)";
				SWIFT_EMIT_LOC_STRINGS = NO;
				SWIFT_VERSION = 5.0;
				TARGETED_DEVICE_FAMILY = "1,2";
				TEST_TARGET_NAME = HongikYeolgong2;
			};
			name = Release;
		};
/* End XCBuildConfiguration section */

/* Begin XCConfigurationList section */
		476A69852D379E6500B9016A /* Build configuration list for PBXProject "HongikYeolgong2" */ = {
			isa = XCConfigurationList;
			buildConfigurations = (
				476A69B22D379E6800B9016A /* Debug */,
				476A69B32D379E6800B9016A /* Release */,
			);
			defaultConfigurationIsVisible = 0;
			defaultConfigurationName = Release;
		};
		476A69B42D379E6800B9016A /* Build configuration list for PBXNativeTarget "HongikYeolgong2" */ = {
			isa = XCConfigurationList;
			buildConfigurations = (
				476A69B52D379E6800B9016A /* Debug */,
				476A69B62D379E6800B9016A /* Release */,
			);
			defaultConfigurationIsVisible = 0;
			defaultConfigurationName = Release;
		};
		476A69B72D379E6800B9016A /* Build configuration list for PBXNativeTarget "HongikYeolgong2Tests" */ = {
			isa = XCConfigurationList;
			buildConfigurations = (
				476A69B82D379E6800B9016A /* Debug */,
				476A69B92D379E6800B9016A /* Release */,
			);
			defaultConfigurationIsVisible = 0;
			defaultConfigurationName = Release;
		};
		476A69BA2D379E6800B9016A /* Build configuration list for PBXNativeTarget "HongikYeolgong2UITests" */ = {
			isa = XCConfigurationList;
			buildConfigurations = (
				476A69BB2D379E6800B9016A /* Debug */,
				476A69BC2D379E6800B9016A /* Release */,
			);
			defaultConfigurationIsVisible = 0;
			defaultConfigurationName = Release;
		};
/* End XCConfigurationList section */

/* Begin XCRemoteSwiftPackageReference section */
		98A8764C2D38D2A500AA1E6A /* XCRemoteSwiftPackageReference "firebase-ios-sdk" */ = {
			isa = XCRemoteSwiftPackageReference;
			repositoryURL = "https://github.com/firebase/firebase-ios-sdk";
			requirement = {
				kind = upToNextMajorVersion;
				minimumVersion = 11.7.0;
			};
		};
		98A8764F2D38D32B00AA1E6A /* XCRemoteSwiftPackageReference "Then" */ = {
			isa = XCRemoteSwiftPackageReference;
			repositoryURL = "https://github.com/devxoul/Then.git";
			requirement = {
				kind = upToNextMajorVersion;
				minimumVersion = 3.0.0;
			};
		};
		98A876562D38D5FE00AA1E6A /* XCRemoteSwiftPackageReference "Amplitude-Swift" */ = {
			isa = XCRemoteSwiftPackageReference;
			repositoryURL = "https://github.com/amplitude/Amplitude-Swift";
			requirement = {
				branch = main;
				kind = branch;
			};
		};
		98ED6C102D37EAEB00194C5D /* XCRemoteSwiftPackageReference "Alamofire" */ = {
			isa = XCRemoteSwiftPackageReference;
			repositoryURL = "https://github.com/Alamofire/Alamofire.git";
			requirement = {
				kind = upToNextMajorVersion;
				minimumVersion = 5.10.2;
			};
		};
		98ED6C132D37EB4F00194C5D /* XCRemoteSwiftPackageReference "RxSwift" */ = {
			isa = XCRemoteSwiftPackageReference;
			repositoryURL = "https://github.com/ReactiveX/RxSwift.git";
			requirement = {
				kind = upToNextMajorVersion;
				minimumVersion = 6.8.0;
			};
		};
		98ED6C1D2D37EBCA00194C5D /* XCRemoteSwiftPackageReference "SnapKit" */ = {
			isa = XCRemoteSwiftPackageReference;
			repositoryURL = "https://github.com/SnapKit/SnapKit.git";
			requirement = {
				kind = upToNextMajorVersion;
				minimumVersion = 5.7.1;
			};
		};
/* End XCRemoteSwiftPackageReference section */

/* Begin XCSwiftPackageProductDependency section */
		98A8764D2D38D2A500AA1E6A /* FirebaseRemoteConfig */ = {
			isa = XCSwiftPackageProductDependency;
			package = 98A8764C2D38D2A500AA1E6A /* XCRemoteSwiftPackageReference "firebase-ios-sdk" */;
			productName = FirebaseRemoteConfig;
		};
		98A876502D38D32B00AA1E6A /* Then */ = {
			isa = XCSwiftPackageProductDependency;
			package = 98A8764F2D38D32B00AA1E6A /* XCRemoteSwiftPackageReference "Then" */;
			productName = Then;
		};
		98A876522D38D35800AA1E6A /* RxCocoa */ = {
			isa = XCSwiftPackageProductDependency;
			package = 98ED6C132D37EB4F00194C5D /* XCRemoteSwiftPackageReference "RxSwift" */;
			productName = RxCocoa;
		};
		98A876542D38D35800AA1E6A /* RxSwift */ = {
			isa = XCSwiftPackageProductDependency;
			package = 98ED6C132D37EB4F00194C5D /* XCRemoteSwiftPackageReference "RxSwift" */;
			productName = RxSwift;
		};
		98A876572D38D5FE00AA1E6A /* AmplitudeSwift */ = {
			isa = XCSwiftPackageProductDependency;
			package = 98A876562D38D5FE00AA1E6A /* XCRemoteSwiftPackageReference "Amplitude-Swift" */;
			productName = AmplitudeSwift;
		};
		98ED6C112D37EAEB00194C5D /* Alamofire */ = {
			isa = XCSwiftPackageProductDependency;
			package = 98ED6C102D37EAEB00194C5D /* XCRemoteSwiftPackageReference "Alamofire" */;
			productName = Alamofire;
		};
		98ED6C142D37EB4F00194C5D /* RxCocoa */ = {
			isa = XCSwiftPackageProductDependency;
			package = 98ED6C132D37EB4F00194C5D /* XCRemoteSwiftPackageReference "RxSwift" */;
			productName = RxCocoa;
		};
		98ED6C162D37EB4F00194C5D /* RxRelay */ = {
			isa = XCSwiftPackageProductDependency;
			package = 98ED6C132D37EB4F00194C5D /* XCRemoteSwiftPackageReference "RxSwift" */;
			productName = RxRelay;
		};
		98ED6C182D37EB4F00194C5D /* RxSwift */ = {
			isa = XCSwiftPackageProductDependency;
			package = 98ED6C132D37EB4F00194C5D /* XCRemoteSwiftPackageReference "RxSwift" */;
			productName = RxSwift;
		};
		98ED6C1E2D37EBCA00194C5D /* SnapKit */ = {
			isa = XCSwiftPackageProductDependency;
			package = 98ED6C1D2D37EBCA00194C5D /* XCRemoteSwiftPackageReference "SnapKit" */;
			productName = SnapKit;
		};
/* End XCSwiftPackageProductDependency section */
	};
	rootObject = 476A69822D379E6500B9016A /* Project object */;
}
